{
  "version": 4,
  "terraform_version": "1.3.2",
  "serial": 25,
  "lineage": "5b5f492d-2487-4c22-ddfc-ba40132f4b17",
  "outputs": {
    "aks_cluster_name": {
      "value": "learn-hcp-test2",
      "type": "string"
    },
    "azure_rg_name": {
      "value": "learn-hcp-test2-gid",
      "type": "string"
    },
    "kube_config_raw": {
      "value": "apiVersion: v1\nclusters:\n- cluster:\n    certificate-authority-data: LS0tLS1CRUdJTiBDRVJUSUZJQ0FURS0tLS0tCk1JSUU2RENDQXRDZ0F3SUJBZ0lRTnByakl1Z1QwcnozUTRrbm5rbVpaVEFOQmdrcWhraUc5dzBCQVFzRkFEQU4KTVFzd0NRWURWUVFERXdKallUQWdGdzB5TWpFd01Ua3hPVE16TXpGYUdBOHlNRFV5TVRBeE9URTVORE16TVZvdwpEVEVMTUFrR0ExVUVBeE1DWTJFd2dnSWlNQTBHQ1NxR1NJYjNEUUVCQVFVQUE0SUNEd0F3Z2dJS0FvSUNBUURDCjZnTThVUlJlQW5LSXhsTDhWNjJweHZhc2tLUjZlMHlMYnpqQlZ6Uk5SaFBnRzN2VzFLMUZtVkJkSGZnZEROUk8KMkdEWkcvd2lUL3NhMWU2Qm92ZmhjbDBOWXdjZUk1cFlNUlE5dTRXQ0JOaWhjK0JVcldzNmlqYWY1WHVlNHdULwptd25ETXRTK01XcE50UlF4NVB2U3RzTFlURUZhZHpmUkw4NDArK1Y3cUQwNnhlc3FYWGJrRkw3UDF5akxvdUpWCm5HSEx1RFlVN3ViRjdtTy9vNStKWmdyOWkyRVgydDVRTVAvVTZ1bFNZdjFaVWZmNFVTaUxsOGI0U1k0K1J6Y20KVkg0RFNyWW9VVjlrM2NuUklwdmgxOGRKdk1OSmJUMnVXK3ZyTU9uTHpWSHpuclMyZFBzQ2owVmVqNW90aUMveQpucFlHZFJRdnYzWXBvRENJYkJmMzZiSTNJQTFBMHBRTmhsZldIV1BGUERnS2V0czZScUc3RERFY3grak9LL1dhCkYwWWJIOXNLb3JCNGMzVlFnSGk0Qm9sOWo3bGdxcTNoYjFZY0o2VEpHaCtic0RqaGFBeStWK09VU1VOOEduVFAKUmNTUXJYSHlocXlWTk9YOXBZSEhBczNkYllEMjMxenA3VjBsRWhjdDRVUmQvVGR2NHk0bkh6emsvd0UyalE5LwpFU3VwUE5vdzFlM091dmkraWhzVVpzZEYwQ2NSTm11dFV2UXVmMnMwOXhmQ2piMldzK2JPaGZOYjNGWXE3aU03CmhNc1cvVVRDNnZ5dXREei9oZm9xWGxEdWJBV1JxTGErc3lLWVlXdUNMbkpkZUdGRWdDMkczOEFVUnJTcVYxVU4Kb3RTMEovOXdybWh0NjRMWW9uT080bGVMRGliZHA2dy9IOGYwcmxBdUdRSURBUUFCbzBJd1FEQU9CZ05WSFE4QgpBZjhFQkFNQ0FxUXdEd1lEVlIwVEFRSC9CQVV3QXdFQi96QWRCZ05WSFE0RUZnUVUxUWpyTy9RdTcrSFV3ZURPCmM3d1BlSE5UL1R3d0RRWUpLb1pJaHZjTkFRRUxCUUFEZ2dJQkFJcFNWSDYwR1p5S2JqOGJSWWZWa3Fta0EzS08Kem9FYlFPMklvZEoralBDUU1KNWgwY2IvSlNtMUVNQUV2dXZvaEh0RU5DQzVYdHRYRkM0cUpRNllhbmtBdFpIeQovdG5qcm5KUzBiN2trNnEweTVySzE5WUdKQ2xtdkMxeGpPVWNqY0FtSXZ5WGQ3angrRVBDZnFpR3p1L3dRVVlXCndEaHB1VG1jRHdzR08zNk1vQ01tL1RNVHpXU29LeUdjK1lFWnhYR1h3VThwZnN1S2ZON2RjeWpNd3pqU08va1gKTkk3NHRtZ0lzUTFobElGcjBMWnVSdkpXSXplSU1nOGpkL3RleWlKcjVNMTRURyswVFlFUmhpQTd0bE9lU0RmTQo4ay9KMUZxT3hhUmxwem4yaDRLbmp6ZWh6VHZSWEl6ZG1HaVN6ZTAwVkx1YXlwbkVzOWl6Y242azdKU2srMU9SCk43QkdjL2c5UGE5ekkwcCt4dUtvdTRzWSt1NmVsbFY1ZGJRZmR3alNIZHRsVnhEcTRCaks5MW5uNHdRTDYrb0wKZVRwL1c3djRRS204M3BtRWNERXN6a21PVVBUNi9yYnF4bHJuSjBJQkhrYXdwRVhWNC94UzRvckFHRDdGMkFDMgpIaXBYcDgwcUtucWlMS2ducTJJeVNqWUpMRXlpV1IzZ3RodEVIc0sxejJ0OTJiQmo5ZFpiVTgzbjJHd1pJZU1JCmRyeC9aclJobmhzc3VNdkc5L01HYW5ISTl1VGEzcU1qeTJNZ01CTjd3Z05yMktWODl3NUFCTUZvait3UERLTmcKZk1SdFFqRTNCZk9qVmFVc2xFTnFwczNXYVVvUHR1V1h6T3ZvK1Z0MW4ycE91N0IyS1NvczEvVFdrQXhQRWRnbQo5ZjladElrd1F3am9MRm81Ci0tLS0tRU5EIENFUlRJRklDQVRFLS0tLS0K\n    server: https://learn-hcp-test2-7bdd5422.hcp.westus2.azmk8s.io:443\n  name: learn-hcp-test2\ncontexts:\n- context:\n    cluster: learn-hcp-test2\n    user: clusterUser_learn-hcp-test2-gid_learn-hcp-test2\n  name: learn-hcp-test2\ncurrent-context: learn-hcp-test2\nkind: Config\npreferences: {}\nusers:\n- name: clusterUser_learn-hcp-test2-gid_learn-hcp-test2\n  user:\n    client-certificate-data: LS0tLS1CRUdJTiBDRVJUSUZJQ0FURS0tLS0tCk1JSUZIakNDQXdhZ0F3SUJBZ0lSQVA0eG5EWVlvd3ZxZXk0OFhvbmJkY0F3RFFZSktvWklodmNOQVFFTEJRQXcKRFRFTE1Ba0dBMVVFQXhNQ1kyRXdIaGNOTWpJeE1ERTVNVGt6TXpNeFdoY05NalF4TURFNU1UazBNek14V2pBdwpNUmN3RlFZRFZRUUtFdzV6ZVhOMFpXMDZiV0Z6ZEdWeWN6RVZNQk1HQTFVRUF4TU1iV0Z6ZEdWeVkyeHBaVzUwCk1JSUNJakFOQmdrcWhraUc5dzBCQVFFRkFBT0NBZzhBTUlJQ0NnS0NBZ0VBMzQ5bjZhWHVBRm9QVCtYMUQxaTYKZVhuVzVBSlk3bWl5RUlPZDVwM0JJdFZpaG1IZmZhUGwvb2ZhcnJJcTBMSmFWTGZkQ09maUxRTUJ4MUhsSzRtdgpuTkk2ZG9PVEVuNnZNcjF6MkJ4VDEzK0Z2bVh5UlRVc2tBTklJWUFPb1FvTW1kQSs0VldSdnN6Z3ljUTBEWk1TCkZrT1JhZkhPb0Z3WVkwb2NQcytzSkxBUnFJdElDbDhnamRoZnA2bDhXdmdhc284b0JzQVlUcklQK2syeEtoeWUKVmZrb0dCZk1Ia2pkUHcwV29URXU1ckU5QTl2bmFrSWp0TTE3T3Z1RVQvTXByc0pwVUcveXkxeEw1emRRbHhkMgpCTWpGQ3JEendIMTIrUWdHMWlmQmhPSDVXekNvU3Fwajd4ZHh1TFY0cXMwZ3pNS2RYKzdpd3k1YzZtc3I0Z3pZCjBtYWhBd2UyWjl5SnlqeER0NFJvRkNxaEZWOTFLZ0dmclhqMExHSmg4eXlwakhaUkV5U2lKUklScnNMSk12WlMKQ3VXanlFdmJIMEF5UjRrdW9YcGZYYSsvU3NtajZxSDFjbUJiWTdGNmJQTTEvTmJpZ094NmZZaFFvZDR6RVdDbQpZUjZ3am5oZVFwL2tWK3pCUGdEbTFWWmhXd1pkcnVINlZ2SXVmV3ZkVFMwbmRyclJ4YVF0VGdxbnd0QW5NTmpICnBKNk1TOTM2eXJjb3o3TkJ4aEtZa211YUp4K0RGUUI0K1JxeTZCbnlYYjJyK3JNZlY4aEtad2IrMkJmQWx6TjEKWDRFdUNrVk56Z21FZHRxU2IzaFAzM2pqRnllMzM3NHlVTzcwUWFsUGt1WkgyckFLcnNDNjdmS05yWDZUUGw4aAppdzFJU3dxWkJFb25zR2pVR1ZUQzB3RUNBd0VBQWFOV01GUXdEZ1lEVlIwUEFRSC9CQVFEQWdXZ01CTUdBMVVkCkpRUU1NQW9HQ0NzR0FRVUZCd01DTUF3R0ExVWRFd0VCL3dRQ01BQXdId1lEVlIwakJCZ3dGb0FVMVFqck8vUXUKNytIVXdlRE9jN3dQZUhOVC9Ud3dEUVlKS29aSWh2Y05BUUVMQlFBRGdnSUJBS1ZBSFVOYThyQ3hQYjJVSGZwawpMenRhNnFtNjNxNEdlZUlkRDAvVzJ2VkU4dWdib3RpV00yY2tFUVByZFBrRWZaVDJkcEVYbE1KeUpwR1hsYng4Ck50aUJLdkJKR2htMnFHM01aQUp1RW1CTERsbmhSamlDTlhXbUYwczZPRG9jdDdHcUxXRWFZV1pTYk01UGJLb2cKRmVCYXJYUUJFSGE4NDIyN280dlgyRWl4MkZzMVRRMFVOUXZQK01TaTZHUVoxdjl0ZGRveTBjQnVaUDc4RDlCVgpjS2xIOEVnWkY2cnB3R1lXMWJ6TzJMOVVTSnIyQThla056TlVVQ3hXbmlXKzM4aVA3K3Q0TmhNQWo0b3F5dFp5CmFMbWh2VkpEZUJiTWMvYjVlc1JtRWN0S3d4c1JLVmd0bnZxSk5IaWFPVWpwcWlmQXVnODdIN1FNZ3ZBcVpjdkQKWnNYc0s2elhOc1BoTzBxcERrVnVtY2dOeGpEMWdLd2c5cVpGakVBM2tHa3pBSmhBYnIxaVdURUFPVVVLR1ZmdgovWStkR0RaTko3aVQraGxjcS9OMXBkYVdUYkkzVVE4UG85YU5oeFRVbmZPb2h1QWZhTjNZNm4wUGpaWnl2QWpqCjZSbXl2dFhRajdTSStBL244cmdVQlVNQ2dUS2g1NTVmd1NkTG95YTg2UDlpMklaNTdvSnFMcDk5N1RoMHFKNDUKL052NWlLUlZhSyszMDl2aFczQlZ5dlVmb3Z6enlMR1h2Y0hNVU82L21KU2t2MGJKUDIwbTQ5dzc3L3ZFcUFqNwpSZW5VVVoySHk5MFQvSjJBaHlMMXRqN09KSUpCVlpCbzFmOWN3SlBORTdIakpralA4T2syclFSOHg1b0t1bEdjCmxKYmVnVHllOStmRWF5NHdvSUQwdTZXaQotLS0tLUVORCBDRVJUSUZJQ0FURS0tLS0tCg==\n    client-key-data: LS0tLS1CRUdJTiBSU0EgUFJJVkFURSBLRVktLS0tLQpNSUlKS0FJQkFBS0NBZ0VBMzQ5bjZhWHVBRm9QVCtYMUQxaTZlWG5XNUFKWTdtaXlFSU9kNXAzQkl0VmlobUhmCmZhUGwvb2ZhcnJJcTBMSmFWTGZkQ09maUxRTUJ4MUhsSzRtdm5OSTZkb09URW42dk1yMXoyQnhUMTMrRnZtWHkKUlRVc2tBTklJWUFPb1FvTW1kQSs0VldSdnN6Z3ljUTBEWk1TRmtPUmFmSE9vRndZWTBvY1BzK3NKTEFScUl0SQpDbDhnamRoZnA2bDhXdmdhc284b0JzQVlUcklQK2syeEtoeWVWZmtvR0JmTUhramRQdzBXb1RFdTVyRTlBOXZuCmFrSWp0TTE3T3Z1RVQvTXByc0pwVUcveXkxeEw1emRRbHhkMkJNakZDckR6d0gxMitRZ0cxaWZCaE9INVd6Q28KU3Fwajd4ZHh1TFY0cXMwZ3pNS2RYKzdpd3k1YzZtc3I0Z3pZMG1haEF3ZTJaOXlKeWp4RHQ0Um9GQ3FoRlY5MQpLZ0dmclhqMExHSmg4eXlwakhaUkV5U2lKUklScnNMSk12WlNDdVdqeUV2YkgwQXlSNGt1b1hwZlhhKy9Tc21qCjZxSDFjbUJiWTdGNmJQTTEvTmJpZ094NmZZaFFvZDR6RVdDbVlSNndqbmhlUXAva1YrekJQZ0RtMVZaaFd3WmQKcnVINlZ2SXVmV3ZkVFMwbmRyclJ4YVF0VGdxbnd0QW5NTmpIcEo2TVM5MzZ5cmNvejdOQnhoS1lrbXVhSngrRApGUUI0K1JxeTZCbnlYYjJyK3JNZlY4aEtad2IrMkJmQWx6TjFYNEV1Q2tWTnpnbUVkdHFTYjNoUDMzampGeWUzCjM3NHlVTzcwUWFsUGt1WkgyckFLcnNDNjdmS05yWDZUUGw4aGl3MUlTd3FaQkVvbnNHalVHVlRDMHdFQ0F3RUEKQVFLQ0FnRUExdDh3MHdObXcvUExyOUdvUG4zYmpSSXNGcTZpNTFLOWd0M2VFR0FqMStVY2Myanl0QUdwOTRDQQpFVlN4ampFK1hScnpXYkgyVTZrR05wdGlGdnlaUzdOTCtjand2T0FDYUZScldaV3doL25MaEhyYjV1VDYxZGd4CnBmRTlIazlZV1NZc3Fjdmk3MjVmeDgzSzhoa2ZVMExTS3UvODEyaHRFRkdVNEZJZWRJeStEQzhDcU9WUmxzUVcKL0VFTWd5cmdEaXRHSDJiV2Roenkrbk5lQ3NuQzdZTXlwQ1dMVExoZjNsQW9KZm50eUZFbUFlV0VnVDdjcnRTbwowc0lZSS9mbFlsRDloQkIxWGp4eHYrUU1rNHc3Sk5JTGdRRWU1eTR3QVo5VFl0YUhTNzhlT2lXRU8yK1Y2YUd3CjdnV04yeXlaai9TbDZpVGkweEptdi9FT0ZwQ2VlNThBVDRCcGFHM3JhSUoyakJaVTN3S2JQY2FqOXkxalF5ZEUKc09jcTFJamxYR0FGNnBRaEx2OVBsa04vU2hjeTU0WlQ0ZGNOdG9FQUhoNkxzc0lwL2RoWW5tbVNXc2g0ZERIegpuYUVRVDJzT08vWTVnZWZWWEdMUUhTOU5sSkh2Sm1zdlk2Q2RzOSt4enhRbWVKNEV4cXIvVmVveHF0SDJUeWhQCmtGVVBkbzdyWjBjRkNWUGpIZTZmK0JIVmV3aWkzTzg2TWtIRmo5d3FRdGNUNkN1MVlXRm1yUmlnYWFNOWpsNncKTWhxRnZHZGxiTG41em9DUjVIeEw2cWlyenRvNkk2QVYvRHpnV2ZQTElFWjRVQUppUUNpaFF4b2RVODFaa3dGUApPR3k1VFhOOStPQUszRkdJc0RJNmluTXRZeVI2WU8rOFg5bmRVR3Fpa2V6aW1NVEtJZ0VDZ2dFQkFQMTJ0Z240Ci8rM1dWRE8vK3Z4WStvb0x4azR5T0hwUnhwWHhpSnRqSUdXM0Z5SzM0S1Vod3NRQzRaQVVua1BGUW9ucDgydUQKTkdCZGJET0poRmFrR0ZVU2o5RGJpUXlqUDVtbm9sTTVxWDdvaEwyZ2FJZysyQnFxQjhYSkl4S2diK2ZzTUZDVwordEVxT2NHTmhpNTJMdGxLUjZzc3ZTMzlZbSs1V2hmanVRSkxmM2Rma2tVdjJteW5Dc2tNR0V3MTN2RjYwR1NPCkZwZGg4YjhwZ3FZQnhUcDFaM3YwS2IxK3dQTDFLZTA0QlBlSkZFUENHd1ZPT1p3Skw3YWVMd0swQmpmZE1sMzYKTnMySFVjTzdlZEZqS2pSTDhoTjlOdTJycXA3dE90QjFKc1FRNXFjNjB1K3lhQWxMa2xBVHVKdVZPNWdxOGtCbQpqYmh4bWVvazAxdGE2RkVDZ2dFQkFPSE1GNDJPejdGTSttRGJSSUY4eVNTcXF4ekw3QUVCMWRid3djRkdNTmpGCjJGMHNIeHFTM1BWa2FRZG9hNndOS0YxT0laaG00aWh1UWRSVEt0by90b1hWZjZySjhMd3ZldExVa0JGRElIb1QKT2RXUFdJcms0RUIvQm44VU05WUV2T0g3V0JtTWJnZDBuaktIQllqVElUWFNTRVh2L0t0c3FFMzBRT05WaVJaSApVc1VWS2J3OFhYNDYwemUyK2ZaQThDL0NHb3QyUmFkamNpemVKQ0hERW1LQm5zZDBhVitMSDZucjNBYm1TdWNNClpIZGllRkw1ME9CcmJyczMyZS80Q1ZITGtBLzdWS0Z6SUdKMFl0UUU3Wm4yeXBUVEo0SFl5TkJFTFVVSWxRZ3EKZDN3YzB1WHhlTzlKVWtLTkhxeHF2alJxbDJ6alR4TDRvYndDcDVLclE3RUNnZ0VBZncwSmRQaEd1WjZNK0ovTQpITUF4WGc5RzZSMk5aK3NqNHpkK1pYMkwyTkN0SFM4VXdWR3FBbno3T2pETG9HYjUwbzNlQWM5ejZyWUpyYy9KCjhYQXg3anJ1c2gvSmsvY2t3MDNmTlY2YkVzMVU5SVM2d1VqWEpJNkVkT1U4Mm5KbmhkYkQ1VEc1S2kzRFk3MGcKUEp2ckllcDFBRjNkdW5iZjUrYitQU2xlTE1OUmNySUtiUG51d0RYL1Z3WGtEQmVZMkd6YWx2ME9YL1d0cTBnUQpnRXcwNC9mRDFzTnVSTm1MdUgyaDlaSDJFMnE0S0xyY3RvMGVuWk9SUWpZS2xJMU83S1BKUW9oUS9qZE5paEtvCm5vZlp1UHMwcmdZL0NXWGFrZTJTWkxuRW85VmcrUVNvaFpSbFIvdUVyUFVsdlg5UnJ4WWY5cDR4ZmZvYno5MkQKd0xCUjhRS0NBUUJxMk16OGEydlVsbnlVZ0syMktIcDJJMXk5VDdIcCtCaGNrYWpkOEgwRTF2by9mTFZyT2J2ZApVeHB3S3ZWb2dRRnN4YUFZSWZjNjhwR3NDMzducithTEJqQlhmUit4clRZTnRoQkdXdUZ2WXRHblFTSEE5L1UyCkQrWGZGSXhDNWhNTFRJaXY3a2ZTdDFoMHlIZlIrelpuNVkzVnFtNkNIL1MwanJSMTN1L3ozdVJINW0vTlp6TkcKbkVkK3dkTWV1RFB3SllXeUlORnRHQjNiSlhNcmxzZUlYWlhwQkNrbzBRaTJ1Nmx1aW1NL1dobmdkSFJEcjNzcgo5eXA2NVQ3MzB3TjE5VUhDamtmSjdsU1F3a3BSMGRNdFhCOFl0YUtvU3hFYm5HZGZsMlFPYlNvRlRRNXZTUWpWCkVua2VqUERLM2VnTG5iVHlEYzVKUitZZ3RaRGVVclRCQW9JQkFDS0dKY1gwT3NuUVhYUE9KMG1tSnJ1UnFmRysKeDVsemlWRGJyZmQydlBvQVkzaUs1bzFoSUlFWHFodG5obnRuYXdxY1J1M0xMWFNyRkZPTWprV2UxUzBWNlR5TQo0VVpRRTBUUnJ3aFhMa0Ric0dHZllGTWg1SVFtNmxxYno0SzVYakU5RTJRN3RhOXU3K0NVaE9mTVIzQ2l0WENzCitUSUhXVmw2QldUSjhOSkxhbXVMRFlDaUNrdjJwUDVpRFIrUEtrMkVpQ2JzM0VEQUljd0xnWDludWh1azNLUVUKL0RHbFNFVFZ1NWhOc0JrUUhTM09GQVdBVERLbzhpb3dSa1JFZk1JeERXNEZ0UGRSc2h2eVA5VXVjNWdWSFgvRwppZXlPRFNSS3NVYTNISVU4cTdDMkE3MEFobmJvTmxzSVVnenJjU3lsd2NkN1NOVGQ5RlhZWnpWaXlTTT0KLS0tLS1FTkQgUlNBIFBSSVZBVEUgS0VZLS0tLS0K\n    token: 88a679d74dd36338b2d7b8079c49ea7ffadbca754335ea7a0e302b68df82ab7cafcfffa3e6bab27e73e9c77ae7595cedbc2a701db8e2afa956c66b35778db4c9\n",
      "type": "string",
      "sensitive": true
    }
  },
  "resources": [
    {
      "mode": "data",
      "type": "azurerm_subscription",
      "name": "current",
      "provider": "provider[\"registry.terraform.io/hashicorp/azurerm\"]",
      "instances": [
        {
          "schema_version": 0,
          "attributes": {
            "display_name": "Team Education",
            "id": "/subscriptions/c9ed8610-47a3-4107-a2b2-a322114dfb29",
            "location_placement_id": "Public_2014-09-01",
            "quota_id": "EnterpriseAgreement_2014-09-01",
            "spending_limit": "Off",
            "state": "Enabled",
            "subscription_id": "c9ed8610-47a3-4107-a2b2-a322114dfb29",
            "tags": {},
            "tenant_id": "0e3e2e88-8caf-41ca-b4da-e3b33b6c52ec",
            "timeouts": null
          },
          "sensitive_attributes": []
        }
      ]
    },
    {
      "mode": "managed",
      "type": "azurerm_kubernetes_cluster",
      "name": "k8",
      "provider": "provider[\"registry.terraform.io/hashicorp/azurerm\"]",
      "instances": [
        {
          "schema_version": 2,
          "attributes": {
            "aci_connector_linux": [],
            "api_server_authorized_ip_ranges": null,
            "auto_scaler_profile": [],
            "automatic_channel_upgrade": "",
            "azure_active_directory_role_based_access_control": [],
            "azure_policy_enabled": false,
            "default_node_pool": [
              {
                "capacity_reservation_group_id": "",
                "enable_auto_scaling": false,
                "enable_host_encryption": false,
                "enable_node_public_ip": false,
                "fips_enabled": false,
                "host_group_id": "",
                "kubelet_config": [],
                "kubelet_disk_type": "OS",
                "linux_os_config": [],
                "max_count": 0,
                "max_pods": 250,
                "message_of_the_day": "",
                "min_count": 0,
                "name": "default",
                "node_count": 3,
                "node_labels": {},
                "node_public_ip_prefix_id": "",
                "node_taints": null,
                "only_critical_addons_enabled": false,
                "orchestrator_version": "1.23.12",
                "os_disk_size_gb": 30,
                "os_disk_type": "Managed",
                "os_sku": "Ubuntu",
                "pod_subnet_id": "/subscriptions/c9ed8610-47a3-4107-a2b2-a322114dfb29/resourceGroups/learn-hcp-test2-gid/providers/Microsoft.Network/virtualNetworks/learn-hcp-test2-vnet/subnets/subnet1",
                "proximity_placement_group_id": "",
                "scale_down_mode": "Delete",
                "tags": null,
                "type": "VirtualMachineScaleSets",
                "ultra_ssd_enabled": false,
                "upgrade_settings": [],
                "vm_size": "Standard_D2_v2",
                "vnet_subnet_id": "/subscriptions/c9ed8610-47a3-4107-a2b2-a322114dfb29/resourceGroups/learn-hcp-test2-gid/providers/Microsoft.Network/virtualNetworks/learn-hcp-test2-vnet/subnets/subnet2",
                "workload_runtime": "",
                "zones": null
              }
            ],
            "disk_encryption_set_id": "",
            "dns_prefix": "learn-hcp-test2",
            "dns_prefix_private_cluster": "",
            "edge_zone": "",
            "enable_pod_security_policy": false,
            "fqdn": "learn-hcp-test2-7bdd5422.hcp.westus2.azmk8s.io",
            "http_application_routing_enabled": false,
            "http_application_routing_zone_name": "",
            "http_proxy_config": [],
            "id": "/subscriptions/c9ed8610-47a3-4107-a2b2-a322114dfb29/resourceGroups/learn-hcp-test2-gid/providers/Microsoft.ContainerService/managedClusters/learn-hcp-test2",
            "identity": [
              {
                "identity_ids": [
                  "/subscriptions/c9ed8610-47a3-4107-a2b2-a322114dfb29/resourceGroups/learn-hcp-test2-gid/providers/Microsoft.ManagedIdentity/userAssignedIdentities/aks-identity"
                ],
                "principal_id": "",
                "tenant_id": "",
                "type": "UserAssigned"
              }
            ],
            "ingress_application_gateway": [],
            "key_vault_secrets_provider": [],
            "kube_admin_config": [],
            "kube_admin_config_raw": "",
            "kube_config": [
              {
                "client_certificate": "LS0tLS1CRUdJTiBDRVJUSUZJQ0FURS0tLS0tCk1JSUZIakNDQXdhZ0F3SUJBZ0lSQVA0eG5EWVlvd3ZxZXk0OFhvbmJkY0F3RFFZSktvWklodmNOQVFFTEJRQXcKRFRFTE1Ba0dBMVVFQXhNQ1kyRXdIaGNOTWpJeE1ERTVNVGt6TXpNeFdoY05NalF4TURFNU1UazBNek14V2pBdwpNUmN3RlFZRFZRUUtFdzV6ZVhOMFpXMDZiV0Z6ZEdWeWN6RVZNQk1HQTFVRUF4TU1iV0Z6ZEdWeVkyeHBaVzUwCk1JSUNJakFOQmdrcWhraUc5dzBCQVFFRkFBT0NBZzhBTUlJQ0NnS0NBZ0VBMzQ5bjZhWHVBRm9QVCtYMUQxaTYKZVhuVzVBSlk3bWl5RUlPZDVwM0JJdFZpaG1IZmZhUGwvb2ZhcnJJcTBMSmFWTGZkQ09maUxRTUJ4MUhsSzRtdgpuTkk2ZG9PVEVuNnZNcjF6MkJ4VDEzK0Z2bVh5UlRVc2tBTklJWUFPb1FvTW1kQSs0VldSdnN6Z3ljUTBEWk1TCkZrT1JhZkhPb0Z3WVkwb2NQcytzSkxBUnFJdElDbDhnamRoZnA2bDhXdmdhc284b0JzQVlUcklQK2syeEtoeWUKVmZrb0dCZk1Ia2pkUHcwV29URXU1ckU5QTl2bmFrSWp0TTE3T3Z1RVQvTXByc0pwVUcveXkxeEw1emRRbHhkMgpCTWpGQ3JEendIMTIrUWdHMWlmQmhPSDVXekNvU3Fwajd4ZHh1TFY0cXMwZ3pNS2RYKzdpd3k1YzZtc3I0Z3pZCjBtYWhBd2UyWjl5SnlqeER0NFJvRkNxaEZWOTFLZ0dmclhqMExHSmg4eXlwakhaUkV5U2lKUklScnNMSk12WlMKQ3VXanlFdmJIMEF5UjRrdW9YcGZYYSsvU3NtajZxSDFjbUJiWTdGNmJQTTEvTmJpZ094NmZZaFFvZDR6RVdDbQpZUjZ3am5oZVFwL2tWK3pCUGdEbTFWWmhXd1pkcnVINlZ2SXVmV3ZkVFMwbmRyclJ4YVF0VGdxbnd0QW5NTmpICnBKNk1TOTM2eXJjb3o3TkJ4aEtZa211YUp4K0RGUUI0K1JxeTZCbnlYYjJyK3JNZlY4aEtad2IrMkJmQWx6TjEKWDRFdUNrVk56Z21FZHRxU2IzaFAzM2pqRnllMzM3NHlVTzcwUWFsUGt1WkgyckFLcnNDNjdmS05yWDZUUGw4aAppdzFJU3dxWkJFb25zR2pVR1ZUQzB3RUNBd0VBQWFOV01GUXdEZ1lEVlIwUEFRSC9CQVFEQWdXZ01CTUdBMVVkCkpRUU1NQW9HQ0NzR0FRVUZCd01DTUF3R0ExVWRFd0VCL3dRQ01BQXdId1lEVlIwakJCZ3dGb0FVMVFqck8vUXUKNytIVXdlRE9jN3dQZUhOVC9Ud3dEUVlKS29aSWh2Y05BUUVMQlFBRGdnSUJBS1ZBSFVOYThyQ3hQYjJVSGZwawpMenRhNnFtNjNxNEdlZUlkRDAvVzJ2VkU4dWdib3RpV00yY2tFUVByZFBrRWZaVDJkcEVYbE1KeUpwR1hsYng4Ck50aUJLdkJKR2htMnFHM01aQUp1RW1CTERsbmhSamlDTlhXbUYwczZPRG9jdDdHcUxXRWFZV1pTYk01UGJLb2cKRmVCYXJYUUJFSGE4NDIyN280dlgyRWl4MkZzMVRRMFVOUXZQK01TaTZHUVoxdjl0ZGRveTBjQnVaUDc4RDlCVgpjS2xIOEVnWkY2cnB3R1lXMWJ6TzJMOVVTSnIyQThla056TlVVQ3hXbmlXKzM4aVA3K3Q0TmhNQWo0b3F5dFp5CmFMbWh2VkpEZUJiTWMvYjVlc1JtRWN0S3d4c1JLVmd0bnZxSk5IaWFPVWpwcWlmQXVnODdIN1FNZ3ZBcVpjdkQKWnNYc0s2elhOc1BoTzBxcERrVnVtY2dOeGpEMWdLd2c5cVpGakVBM2tHa3pBSmhBYnIxaVdURUFPVVVLR1ZmdgovWStkR0RaTko3aVQraGxjcS9OMXBkYVdUYkkzVVE4UG85YU5oeFRVbmZPb2h1QWZhTjNZNm4wUGpaWnl2QWpqCjZSbXl2dFhRajdTSStBL244cmdVQlVNQ2dUS2g1NTVmd1NkTG95YTg2UDlpMklaNTdvSnFMcDk5N1RoMHFKNDUKL052NWlLUlZhSyszMDl2aFczQlZ5dlVmb3Z6enlMR1h2Y0hNVU82L21KU2t2MGJKUDIwbTQ5dzc3L3ZFcUFqNwpSZW5VVVoySHk5MFQvSjJBaHlMMXRqN09KSUpCVlpCbzFmOWN3SlBORTdIakpralA4T2syclFSOHg1b0t1bEdjCmxKYmVnVHllOStmRWF5NHdvSUQwdTZXaQotLS0tLUVORCBDRVJUSUZJQ0FURS0tLS0tCg==",
                "client_key": "LS0tLS1CRUdJTiBSU0EgUFJJVkFURSBLRVktLS0tLQpNSUlKS0FJQkFBS0NBZ0VBMzQ5bjZhWHVBRm9QVCtYMUQxaTZlWG5XNUFKWTdtaXlFSU9kNXAzQkl0VmlobUhmCmZhUGwvb2ZhcnJJcTBMSmFWTGZkQ09maUxRTUJ4MUhsSzRtdm5OSTZkb09URW42dk1yMXoyQnhUMTMrRnZtWHkKUlRVc2tBTklJWUFPb1FvTW1kQSs0VldSdnN6Z3ljUTBEWk1TRmtPUmFmSE9vRndZWTBvY1BzK3NKTEFScUl0SQpDbDhnamRoZnA2bDhXdmdhc284b0JzQVlUcklQK2syeEtoeWVWZmtvR0JmTUhramRQdzBXb1RFdTVyRTlBOXZuCmFrSWp0TTE3T3Z1RVQvTXByc0pwVUcveXkxeEw1emRRbHhkMkJNakZDckR6d0gxMitRZ0cxaWZCaE9INVd6Q28KU3Fwajd4ZHh1TFY0cXMwZ3pNS2RYKzdpd3k1YzZtc3I0Z3pZMG1haEF3ZTJaOXlKeWp4RHQ0Um9GQ3FoRlY5MQpLZ0dmclhqMExHSmg4eXlwakhaUkV5U2lKUklScnNMSk12WlNDdVdqeUV2YkgwQXlSNGt1b1hwZlhhKy9Tc21qCjZxSDFjbUJiWTdGNmJQTTEvTmJpZ094NmZZaFFvZDR6RVdDbVlSNndqbmhlUXAva1YrekJQZ0RtMVZaaFd3WmQKcnVINlZ2SXVmV3ZkVFMwbmRyclJ4YVF0VGdxbnd0QW5NTmpIcEo2TVM5MzZ5cmNvejdOQnhoS1lrbXVhSngrRApGUUI0K1JxeTZCbnlYYjJyK3JNZlY4aEtad2IrMkJmQWx6TjFYNEV1Q2tWTnpnbUVkdHFTYjNoUDMzampGeWUzCjM3NHlVTzcwUWFsUGt1WkgyckFLcnNDNjdmS05yWDZUUGw4aGl3MUlTd3FaQkVvbnNHalVHVlRDMHdFQ0F3RUEKQVFLQ0FnRUExdDh3MHdObXcvUExyOUdvUG4zYmpSSXNGcTZpNTFLOWd0M2VFR0FqMStVY2Myanl0QUdwOTRDQQpFVlN4ampFK1hScnpXYkgyVTZrR05wdGlGdnlaUzdOTCtjand2T0FDYUZScldaV3doL25MaEhyYjV1VDYxZGd4CnBmRTlIazlZV1NZc3Fjdmk3MjVmeDgzSzhoa2ZVMExTS3UvODEyaHRFRkdVNEZJZWRJeStEQzhDcU9WUmxzUVcKL0VFTWd5cmdEaXRHSDJiV2Roenkrbk5lQ3NuQzdZTXlwQ1dMVExoZjNsQW9KZm50eUZFbUFlV0VnVDdjcnRTbwowc0lZSS9mbFlsRDloQkIxWGp4eHYrUU1rNHc3Sk5JTGdRRWU1eTR3QVo5VFl0YUhTNzhlT2lXRU8yK1Y2YUd3CjdnV04yeXlaai9TbDZpVGkweEptdi9FT0ZwQ2VlNThBVDRCcGFHM3JhSUoyakJaVTN3S2JQY2FqOXkxalF5ZEUKc09jcTFJamxYR0FGNnBRaEx2OVBsa04vU2hjeTU0WlQ0ZGNOdG9FQUhoNkxzc0lwL2RoWW5tbVNXc2g0ZERIegpuYUVRVDJzT08vWTVnZWZWWEdMUUhTOU5sSkh2Sm1zdlk2Q2RzOSt4enhRbWVKNEV4cXIvVmVveHF0SDJUeWhQCmtGVVBkbzdyWjBjRkNWUGpIZTZmK0JIVmV3aWkzTzg2TWtIRmo5d3FRdGNUNkN1MVlXRm1yUmlnYWFNOWpsNncKTWhxRnZHZGxiTG41em9DUjVIeEw2cWlyenRvNkk2QVYvRHpnV2ZQTElFWjRVQUppUUNpaFF4b2RVODFaa3dGUApPR3k1VFhOOStPQUszRkdJc0RJNmluTXRZeVI2WU8rOFg5bmRVR3Fpa2V6aW1NVEtJZ0VDZ2dFQkFQMTJ0Z240Ci8rM1dWRE8vK3Z4WStvb0x4azR5T0hwUnhwWHhpSnRqSUdXM0Z5SzM0S1Vod3NRQzRaQVVua1BGUW9ucDgydUQKTkdCZGJET0poRmFrR0ZVU2o5RGJpUXlqUDVtbm9sTTVxWDdvaEwyZ2FJZysyQnFxQjhYSkl4S2diK2ZzTUZDVwordEVxT2NHTmhpNTJMdGxLUjZzc3ZTMzlZbSs1V2hmanVRSkxmM2Rma2tVdjJteW5Dc2tNR0V3MTN2RjYwR1NPCkZwZGg4YjhwZ3FZQnhUcDFaM3YwS2IxK3dQTDFLZTA0QlBlSkZFUENHd1ZPT1p3Skw3YWVMd0swQmpmZE1sMzYKTnMySFVjTzdlZEZqS2pSTDhoTjlOdTJycXA3dE90QjFKc1FRNXFjNjB1K3lhQWxMa2xBVHVKdVZPNWdxOGtCbQpqYmh4bWVvazAxdGE2RkVDZ2dFQkFPSE1GNDJPejdGTSttRGJSSUY4eVNTcXF4ekw3QUVCMWRid3djRkdNTmpGCjJGMHNIeHFTM1BWa2FRZG9hNndOS0YxT0laaG00aWh1UWRSVEt0by90b1hWZjZySjhMd3ZldExVa0JGRElIb1QKT2RXUFdJcms0RUIvQm44VU05WUV2T0g3V0JtTWJnZDBuaktIQllqVElUWFNTRVh2L0t0c3FFMzBRT05WaVJaSApVc1VWS2J3OFhYNDYwemUyK2ZaQThDL0NHb3QyUmFkamNpemVKQ0hERW1LQm5zZDBhVitMSDZucjNBYm1TdWNNClpIZGllRkw1ME9CcmJyczMyZS80Q1ZITGtBLzdWS0Z6SUdKMFl0UUU3Wm4yeXBUVEo0SFl5TkJFTFVVSWxRZ3EKZDN3YzB1WHhlTzlKVWtLTkhxeHF2alJxbDJ6alR4TDRvYndDcDVLclE3RUNnZ0VBZncwSmRQaEd1WjZNK0ovTQpITUF4WGc5RzZSMk5aK3NqNHpkK1pYMkwyTkN0SFM4VXdWR3FBbno3T2pETG9HYjUwbzNlQWM5ejZyWUpyYy9KCjhYQXg3anJ1c2gvSmsvY2t3MDNmTlY2YkVzMVU5SVM2d1VqWEpJNkVkT1U4Mm5KbmhkYkQ1VEc1S2kzRFk3MGcKUEp2ckllcDFBRjNkdW5iZjUrYitQU2xlTE1OUmNySUtiUG51d0RYL1Z3WGtEQmVZMkd6YWx2ME9YL1d0cTBnUQpnRXcwNC9mRDFzTnVSTm1MdUgyaDlaSDJFMnE0S0xyY3RvMGVuWk9SUWpZS2xJMU83S1BKUW9oUS9qZE5paEtvCm5vZlp1UHMwcmdZL0NXWGFrZTJTWkxuRW85VmcrUVNvaFpSbFIvdUVyUFVsdlg5UnJ4WWY5cDR4ZmZvYno5MkQKd0xCUjhRS0NBUUJxMk16OGEydlVsbnlVZ0syMktIcDJJMXk5VDdIcCtCaGNrYWpkOEgwRTF2by9mTFZyT2J2ZApVeHB3S3ZWb2dRRnN4YUFZSWZjNjhwR3NDMzducithTEJqQlhmUit4clRZTnRoQkdXdUZ2WXRHblFTSEE5L1UyCkQrWGZGSXhDNWhNTFRJaXY3a2ZTdDFoMHlIZlIrelpuNVkzVnFtNkNIL1MwanJSMTN1L3ozdVJINW0vTlp6TkcKbkVkK3dkTWV1RFB3SllXeUlORnRHQjNiSlhNcmxzZUlYWlhwQkNrbzBRaTJ1Nmx1aW1NL1dobmdkSFJEcjNzcgo5eXA2NVQ3MzB3TjE5VUhDamtmSjdsU1F3a3BSMGRNdFhCOFl0YUtvU3hFYm5HZGZsMlFPYlNvRlRRNXZTUWpWCkVua2VqUERLM2VnTG5iVHlEYzVKUitZZ3RaRGVVclRCQW9JQkFDS0dKY1gwT3NuUVhYUE9KMG1tSnJ1UnFmRysKeDVsemlWRGJyZmQydlBvQVkzaUs1bzFoSUlFWHFodG5obnRuYXdxY1J1M0xMWFNyRkZPTWprV2UxUzBWNlR5TQo0VVpRRTBUUnJ3aFhMa0Ric0dHZllGTWg1SVFtNmxxYno0SzVYakU5RTJRN3RhOXU3K0NVaE9mTVIzQ2l0WENzCitUSUhXVmw2QldUSjhOSkxhbXVMRFlDaUNrdjJwUDVpRFIrUEtrMkVpQ2JzM0VEQUljd0xnWDludWh1azNLUVUKL0RHbFNFVFZ1NWhOc0JrUUhTM09GQVdBVERLbzhpb3dSa1JFZk1JeERXNEZ0UGRSc2h2eVA5VXVjNWdWSFgvRwppZXlPRFNSS3NVYTNISVU4cTdDMkE3MEFobmJvTmxzSVVnenJjU3lsd2NkN1NOVGQ5RlhZWnpWaXlTTT0KLS0tLS1FTkQgUlNBIFBSSVZBVEUgS0VZLS0tLS0K",
                "cluster_ca_certificate": "LS0tLS1CRUdJTiBDRVJUSUZJQ0FURS0tLS0tCk1JSUU2RENDQXRDZ0F3SUJBZ0lRTnByakl1Z1QwcnozUTRrbm5rbVpaVEFOQmdrcWhraUc5dzBCQVFzRkFEQU4KTVFzd0NRWURWUVFERXdKallUQWdGdzB5TWpFd01Ua3hPVE16TXpGYUdBOHlNRFV5TVRBeE9URTVORE16TVZvdwpEVEVMTUFrR0ExVUVBeE1DWTJFd2dnSWlNQTBHQ1NxR1NJYjNEUUVCQVFVQUE0SUNEd0F3Z2dJS0FvSUNBUURDCjZnTThVUlJlQW5LSXhsTDhWNjJweHZhc2tLUjZlMHlMYnpqQlZ6Uk5SaFBnRzN2VzFLMUZtVkJkSGZnZEROUk8KMkdEWkcvd2lUL3NhMWU2Qm92ZmhjbDBOWXdjZUk1cFlNUlE5dTRXQ0JOaWhjK0JVcldzNmlqYWY1WHVlNHdULwptd25ETXRTK01XcE50UlF4NVB2U3RzTFlURUZhZHpmUkw4NDArK1Y3cUQwNnhlc3FYWGJrRkw3UDF5akxvdUpWCm5HSEx1RFlVN3ViRjdtTy9vNStKWmdyOWkyRVgydDVRTVAvVTZ1bFNZdjFaVWZmNFVTaUxsOGI0U1k0K1J6Y20KVkg0RFNyWW9VVjlrM2NuUklwdmgxOGRKdk1OSmJUMnVXK3ZyTU9uTHpWSHpuclMyZFBzQ2owVmVqNW90aUMveQpucFlHZFJRdnYzWXBvRENJYkJmMzZiSTNJQTFBMHBRTmhsZldIV1BGUERnS2V0czZScUc3RERFY3grak9LL1dhCkYwWWJIOXNLb3JCNGMzVlFnSGk0Qm9sOWo3bGdxcTNoYjFZY0o2VEpHaCtic0RqaGFBeStWK09VU1VOOEduVFAKUmNTUXJYSHlocXlWTk9YOXBZSEhBczNkYllEMjMxenA3VjBsRWhjdDRVUmQvVGR2NHk0bkh6emsvd0UyalE5LwpFU3VwUE5vdzFlM091dmkraWhzVVpzZEYwQ2NSTm11dFV2UXVmMnMwOXhmQ2piMldzK2JPaGZOYjNGWXE3aU03CmhNc1cvVVRDNnZ5dXREei9oZm9xWGxEdWJBV1JxTGErc3lLWVlXdUNMbkpkZUdGRWdDMkczOEFVUnJTcVYxVU4Kb3RTMEovOXdybWh0NjRMWW9uT080bGVMRGliZHA2dy9IOGYwcmxBdUdRSURBUUFCbzBJd1FEQU9CZ05WSFE4QgpBZjhFQkFNQ0FxUXdEd1lEVlIwVEFRSC9CQVV3QXdFQi96QWRCZ05WSFE0RUZnUVUxUWpyTy9RdTcrSFV3ZURPCmM3d1BlSE5UL1R3d0RRWUpLb1pJaHZjTkFRRUxCUUFEZ2dJQkFJcFNWSDYwR1p5S2JqOGJSWWZWa3Fta0EzS08Kem9FYlFPMklvZEoralBDUU1KNWgwY2IvSlNtMUVNQUV2dXZvaEh0RU5DQzVYdHRYRkM0cUpRNllhbmtBdFpIeQovdG5qcm5KUzBiN2trNnEweTVySzE5WUdKQ2xtdkMxeGpPVWNqY0FtSXZ5WGQ3angrRVBDZnFpR3p1L3dRVVlXCndEaHB1VG1jRHdzR08zNk1vQ01tL1RNVHpXU29LeUdjK1lFWnhYR1h3VThwZnN1S2ZON2RjeWpNd3pqU08va1gKTkk3NHRtZ0lzUTFobElGcjBMWnVSdkpXSXplSU1nOGpkL3RleWlKcjVNMTRURyswVFlFUmhpQTd0bE9lU0RmTQo4ay9KMUZxT3hhUmxwem4yaDRLbmp6ZWh6VHZSWEl6ZG1HaVN6ZTAwVkx1YXlwbkVzOWl6Y242azdKU2srMU9SCk43QkdjL2c5UGE5ekkwcCt4dUtvdTRzWSt1NmVsbFY1ZGJRZmR3alNIZHRsVnhEcTRCaks5MW5uNHdRTDYrb0wKZVRwL1c3djRRS204M3BtRWNERXN6a21PVVBUNi9yYnF4bHJuSjBJQkhrYXdwRVhWNC94UzRvckFHRDdGMkFDMgpIaXBYcDgwcUtucWlMS2ducTJJeVNqWUpMRXlpV1IzZ3RodEVIc0sxejJ0OTJiQmo5ZFpiVTgzbjJHd1pJZU1JCmRyeC9aclJobmhzc3VNdkc5L01HYW5ISTl1VGEzcU1qeTJNZ01CTjd3Z05yMktWODl3NUFCTUZvait3UERLTmcKZk1SdFFqRTNCZk9qVmFVc2xFTnFwczNXYVVvUHR1V1h6T3ZvK1Z0MW4ycE91N0IyS1NvczEvVFdrQXhQRWRnbQo5ZjladElrd1F3am9MRm81Ci0tLS0tRU5EIENFUlRJRklDQVRFLS0tLS0K",
                "host": "https://learn-hcp-test2-7bdd5422.hcp.westus2.azmk8s.io:443",
                "password": "88a679d74dd36338b2d7b8079c49ea7ffadbca754335ea7a0e302b68df82ab7cafcfffa3e6bab27e73e9c77ae7595cedbc2a701db8e2afa956c66b35778db4c9",
                "username": "clusterUser_learn-hcp-test2-gid_learn-hcp-test2"
              }
            ],
            "kube_config_raw": "apiVersion: v1\nclusters:\n- cluster:\n    certificate-authority-data: LS0tLS1CRUdJTiBDRVJUSUZJQ0FURS0tLS0tCk1JSUU2RENDQXRDZ0F3SUJBZ0lRTnByakl1Z1QwcnozUTRrbm5rbVpaVEFOQmdrcWhraUc5dzBCQVFzRkFEQU4KTVFzd0NRWURWUVFERXdKallUQWdGdzB5TWpFd01Ua3hPVE16TXpGYUdBOHlNRFV5TVRBeE9URTVORE16TVZvdwpEVEVMTUFrR0ExVUVBeE1DWTJFd2dnSWlNQTBHQ1NxR1NJYjNEUUVCQVFVQUE0SUNEd0F3Z2dJS0FvSUNBUURDCjZnTThVUlJlQW5LSXhsTDhWNjJweHZhc2tLUjZlMHlMYnpqQlZ6Uk5SaFBnRzN2VzFLMUZtVkJkSGZnZEROUk8KMkdEWkcvd2lUL3NhMWU2Qm92ZmhjbDBOWXdjZUk1cFlNUlE5dTRXQ0JOaWhjK0JVcldzNmlqYWY1WHVlNHdULwptd25ETXRTK01XcE50UlF4NVB2U3RzTFlURUZhZHpmUkw4NDArK1Y3cUQwNnhlc3FYWGJrRkw3UDF5akxvdUpWCm5HSEx1RFlVN3ViRjdtTy9vNStKWmdyOWkyRVgydDVRTVAvVTZ1bFNZdjFaVWZmNFVTaUxsOGI0U1k0K1J6Y20KVkg0RFNyWW9VVjlrM2NuUklwdmgxOGRKdk1OSmJUMnVXK3ZyTU9uTHpWSHpuclMyZFBzQ2owVmVqNW90aUMveQpucFlHZFJRdnYzWXBvRENJYkJmMzZiSTNJQTFBMHBRTmhsZldIV1BGUERnS2V0czZScUc3RERFY3grak9LL1dhCkYwWWJIOXNLb3JCNGMzVlFnSGk0Qm9sOWo3bGdxcTNoYjFZY0o2VEpHaCtic0RqaGFBeStWK09VU1VOOEduVFAKUmNTUXJYSHlocXlWTk9YOXBZSEhBczNkYllEMjMxenA3VjBsRWhjdDRVUmQvVGR2NHk0bkh6emsvd0UyalE5LwpFU3VwUE5vdzFlM091dmkraWhzVVpzZEYwQ2NSTm11dFV2UXVmMnMwOXhmQ2piMldzK2JPaGZOYjNGWXE3aU03CmhNc1cvVVRDNnZ5dXREei9oZm9xWGxEdWJBV1JxTGErc3lLWVlXdUNMbkpkZUdGRWdDMkczOEFVUnJTcVYxVU4Kb3RTMEovOXdybWh0NjRMWW9uT080bGVMRGliZHA2dy9IOGYwcmxBdUdRSURBUUFCbzBJd1FEQU9CZ05WSFE4QgpBZjhFQkFNQ0FxUXdEd1lEVlIwVEFRSC9CQVV3QXdFQi96QWRCZ05WSFE0RUZnUVUxUWpyTy9RdTcrSFV3ZURPCmM3d1BlSE5UL1R3d0RRWUpLb1pJaHZjTkFRRUxCUUFEZ2dJQkFJcFNWSDYwR1p5S2JqOGJSWWZWa3Fta0EzS08Kem9FYlFPMklvZEoralBDUU1KNWgwY2IvSlNtMUVNQUV2dXZvaEh0RU5DQzVYdHRYRkM0cUpRNllhbmtBdFpIeQovdG5qcm5KUzBiN2trNnEweTVySzE5WUdKQ2xtdkMxeGpPVWNqY0FtSXZ5WGQ3angrRVBDZnFpR3p1L3dRVVlXCndEaHB1VG1jRHdzR08zNk1vQ01tL1RNVHpXU29LeUdjK1lFWnhYR1h3VThwZnN1S2ZON2RjeWpNd3pqU08va1gKTkk3NHRtZ0lzUTFobElGcjBMWnVSdkpXSXplSU1nOGpkL3RleWlKcjVNMTRURyswVFlFUmhpQTd0bE9lU0RmTQo4ay9KMUZxT3hhUmxwem4yaDRLbmp6ZWh6VHZSWEl6ZG1HaVN6ZTAwVkx1YXlwbkVzOWl6Y242azdKU2srMU9SCk43QkdjL2c5UGE5ekkwcCt4dUtvdTRzWSt1NmVsbFY1ZGJRZmR3alNIZHRsVnhEcTRCaks5MW5uNHdRTDYrb0wKZVRwL1c3djRRS204M3BtRWNERXN6a21PVVBUNi9yYnF4bHJuSjBJQkhrYXdwRVhWNC94UzRvckFHRDdGMkFDMgpIaXBYcDgwcUtucWlMS2ducTJJeVNqWUpMRXlpV1IzZ3RodEVIc0sxejJ0OTJiQmo5ZFpiVTgzbjJHd1pJZU1JCmRyeC9aclJobmhzc3VNdkc5L01HYW5ISTl1VGEzcU1qeTJNZ01CTjd3Z05yMktWODl3NUFCTUZvait3UERLTmcKZk1SdFFqRTNCZk9qVmFVc2xFTnFwczNXYVVvUHR1V1h6T3ZvK1Z0MW4ycE91N0IyS1NvczEvVFdrQXhQRWRnbQo5ZjladElrd1F3am9MRm81Ci0tLS0tRU5EIENFUlRJRklDQVRFLS0tLS0K\n    server: https://learn-hcp-test2-7bdd5422.hcp.westus2.azmk8s.io:443\n  name: learn-hcp-test2\ncontexts:\n- context:\n    cluster: learn-hcp-test2\n    user: clusterUser_learn-hcp-test2-gid_learn-hcp-test2\n  name: learn-hcp-test2\ncurrent-context: learn-hcp-test2\nkind: Config\npreferences: {}\nusers:\n- name: clusterUser_learn-hcp-test2-gid_learn-hcp-test2\n  user:\n    client-certificate-data: LS0tLS1CRUdJTiBDRVJUSUZJQ0FURS0tLS0tCk1JSUZIakNDQXdhZ0F3SUJBZ0lSQVA0eG5EWVlvd3ZxZXk0OFhvbmJkY0F3RFFZSktvWklodmNOQVFFTEJRQXcKRFRFTE1Ba0dBMVVFQXhNQ1kyRXdIaGNOTWpJeE1ERTVNVGt6TXpNeFdoY05NalF4TURFNU1UazBNek14V2pBdwpNUmN3RlFZRFZRUUtFdzV6ZVhOMFpXMDZiV0Z6ZEdWeWN6RVZNQk1HQTFVRUF4TU1iV0Z6ZEdWeVkyeHBaVzUwCk1JSUNJakFOQmdrcWhraUc5dzBCQVFFRkFBT0NBZzhBTUlJQ0NnS0NBZ0VBMzQ5bjZhWHVBRm9QVCtYMUQxaTYKZVhuVzVBSlk3bWl5RUlPZDVwM0JJdFZpaG1IZmZhUGwvb2ZhcnJJcTBMSmFWTGZkQ09maUxRTUJ4MUhsSzRtdgpuTkk2ZG9PVEVuNnZNcjF6MkJ4VDEzK0Z2bVh5UlRVc2tBTklJWUFPb1FvTW1kQSs0VldSdnN6Z3ljUTBEWk1TCkZrT1JhZkhPb0Z3WVkwb2NQcytzSkxBUnFJdElDbDhnamRoZnA2bDhXdmdhc284b0JzQVlUcklQK2syeEtoeWUKVmZrb0dCZk1Ia2pkUHcwV29URXU1ckU5QTl2bmFrSWp0TTE3T3Z1RVQvTXByc0pwVUcveXkxeEw1emRRbHhkMgpCTWpGQ3JEendIMTIrUWdHMWlmQmhPSDVXekNvU3Fwajd4ZHh1TFY0cXMwZ3pNS2RYKzdpd3k1YzZtc3I0Z3pZCjBtYWhBd2UyWjl5SnlqeER0NFJvRkNxaEZWOTFLZ0dmclhqMExHSmg4eXlwakhaUkV5U2lKUklScnNMSk12WlMKQ3VXanlFdmJIMEF5UjRrdW9YcGZYYSsvU3NtajZxSDFjbUJiWTdGNmJQTTEvTmJpZ094NmZZaFFvZDR6RVdDbQpZUjZ3am5oZVFwL2tWK3pCUGdEbTFWWmhXd1pkcnVINlZ2SXVmV3ZkVFMwbmRyclJ4YVF0VGdxbnd0QW5NTmpICnBKNk1TOTM2eXJjb3o3TkJ4aEtZa211YUp4K0RGUUI0K1JxeTZCbnlYYjJyK3JNZlY4aEtad2IrMkJmQWx6TjEKWDRFdUNrVk56Z21FZHRxU2IzaFAzM2pqRnllMzM3NHlVTzcwUWFsUGt1WkgyckFLcnNDNjdmS05yWDZUUGw4aAppdzFJU3dxWkJFb25zR2pVR1ZUQzB3RUNBd0VBQWFOV01GUXdEZ1lEVlIwUEFRSC9CQVFEQWdXZ01CTUdBMVVkCkpRUU1NQW9HQ0NzR0FRVUZCd01DTUF3R0ExVWRFd0VCL3dRQ01BQXdId1lEVlIwakJCZ3dGb0FVMVFqck8vUXUKNytIVXdlRE9jN3dQZUhOVC9Ud3dEUVlKS29aSWh2Y05BUUVMQlFBRGdnSUJBS1ZBSFVOYThyQ3hQYjJVSGZwawpMenRhNnFtNjNxNEdlZUlkRDAvVzJ2VkU4dWdib3RpV00yY2tFUVByZFBrRWZaVDJkcEVYbE1KeUpwR1hsYng4Ck50aUJLdkJKR2htMnFHM01aQUp1RW1CTERsbmhSamlDTlhXbUYwczZPRG9jdDdHcUxXRWFZV1pTYk01UGJLb2cKRmVCYXJYUUJFSGE4NDIyN280dlgyRWl4MkZzMVRRMFVOUXZQK01TaTZHUVoxdjl0ZGRveTBjQnVaUDc4RDlCVgpjS2xIOEVnWkY2cnB3R1lXMWJ6TzJMOVVTSnIyQThla056TlVVQ3hXbmlXKzM4aVA3K3Q0TmhNQWo0b3F5dFp5CmFMbWh2VkpEZUJiTWMvYjVlc1JtRWN0S3d4c1JLVmd0bnZxSk5IaWFPVWpwcWlmQXVnODdIN1FNZ3ZBcVpjdkQKWnNYc0s2elhOc1BoTzBxcERrVnVtY2dOeGpEMWdLd2c5cVpGakVBM2tHa3pBSmhBYnIxaVdURUFPVVVLR1ZmdgovWStkR0RaTko3aVQraGxjcS9OMXBkYVdUYkkzVVE4UG85YU5oeFRVbmZPb2h1QWZhTjNZNm4wUGpaWnl2QWpqCjZSbXl2dFhRajdTSStBL244cmdVQlVNQ2dUS2g1NTVmd1NkTG95YTg2UDlpMklaNTdvSnFMcDk5N1RoMHFKNDUKL052NWlLUlZhSyszMDl2aFczQlZ5dlVmb3Z6enlMR1h2Y0hNVU82L21KU2t2MGJKUDIwbTQ5dzc3L3ZFcUFqNwpSZW5VVVoySHk5MFQvSjJBaHlMMXRqN09KSUpCVlpCbzFmOWN3SlBORTdIakpralA4T2syclFSOHg1b0t1bEdjCmxKYmVnVHllOStmRWF5NHdvSUQwdTZXaQotLS0tLUVORCBDRVJUSUZJQ0FURS0tLS0tCg==\n    client-key-data: LS0tLS1CRUdJTiBSU0EgUFJJVkFURSBLRVktLS0tLQpNSUlKS0FJQkFBS0NBZ0VBMzQ5bjZhWHVBRm9QVCtYMUQxaTZlWG5XNUFKWTdtaXlFSU9kNXAzQkl0VmlobUhmCmZhUGwvb2ZhcnJJcTBMSmFWTGZkQ09maUxRTUJ4MUhsSzRtdm5OSTZkb09URW42dk1yMXoyQnhUMTMrRnZtWHkKUlRVc2tBTklJWUFPb1FvTW1kQSs0VldSdnN6Z3ljUTBEWk1TRmtPUmFmSE9vRndZWTBvY1BzK3NKTEFScUl0SQpDbDhnamRoZnA2bDhXdmdhc284b0JzQVlUcklQK2syeEtoeWVWZmtvR0JmTUhramRQdzBXb1RFdTVyRTlBOXZuCmFrSWp0TTE3T3Z1RVQvTXByc0pwVUcveXkxeEw1emRRbHhkMkJNakZDckR6d0gxMitRZ0cxaWZCaE9INVd6Q28KU3Fwajd4ZHh1TFY0cXMwZ3pNS2RYKzdpd3k1YzZtc3I0Z3pZMG1haEF3ZTJaOXlKeWp4RHQ0Um9GQ3FoRlY5MQpLZ0dmclhqMExHSmg4eXlwakhaUkV5U2lKUklScnNMSk12WlNDdVdqeUV2YkgwQXlSNGt1b1hwZlhhKy9Tc21qCjZxSDFjbUJiWTdGNmJQTTEvTmJpZ094NmZZaFFvZDR6RVdDbVlSNndqbmhlUXAva1YrekJQZ0RtMVZaaFd3WmQKcnVINlZ2SXVmV3ZkVFMwbmRyclJ4YVF0VGdxbnd0QW5NTmpIcEo2TVM5MzZ5cmNvejdOQnhoS1lrbXVhSngrRApGUUI0K1JxeTZCbnlYYjJyK3JNZlY4aEtad2IrMkJmQWx6TjFYNEV1Q2tWTnpnbUVkdHFTYjNoUDMzampGeWUzCjM3NHlVTzcwUWFsUGt1WkgyckFLcnNDNjdmS05yWDZUUGw4aGl3MUlTd3FaQkVvbnNHalVHVlRDMHdFQ0F3RUEKQVFLQ0FnRUExdDh3MHdObXcvUExyOUdvUG4zYmpSSXNGcTZpNTFLOWd0M2VFR0FqMStVY2Myanl0QUdwOTRDQQpFVlN4ampFK1hScnpXYkgyVTZrR05wdGlGdnlaUzdOTCtjand2T0FDYUZScldaV3doL25MaEhyYjV1VDYxZGd4CnBmRTlIazlZV1NZc3Fjdmk3MjVmeDgzSzhoa2ZVMExTS3UvODEyaHRFRkdVNEZJZWRJeStEQzhDcU9WUmxzUVcKL0VFTWd5cmdEaXRHSDJiV2Roenkrbk5lQ3NuQzdZTXlwQ1dMVExoZjNsQW9KZm50eUZFbUFlV0VnVDdjcnRTbwowc0lZSS9mbFlsRDloQkIxWGp4eHYrUU1rNHc3Sk5JTGdRRWU1eTR3QVo5VFl0YUhTNzhlT2lXRU8yK1Y2YUd3CjdnV04yeXlaai9TbDZpVGkweEptdi9FT0ZwQ2VlNThBVDRCcGFHM3JhSUoyakJaVTN3S2JQY2FqOXkxalF5ZEUKc09jcTFJamxYR0FGNnBRaEx2OVBsa04vU2hjeTU0WlQ0ZGNOdG9FQUhoNkxzc0lwL2RoWW5tbVNXc2g0ZERIegpuYUVRVDJzT08vWTVnZWZWWEdMUUhTOU5sSkh2Sm1zdlk2Q2RzOSt4enhRbWVKNEV4cXIvVmVveHF0SDJUeWhQCmtGVVBkbzdyWjBjRkNWUGpIZTZmK0JIVmV3aWkzTzg2TWtIRmo5d3FRdGNUNkN1MVlXRm1yUmlnYWFNOWpsNncKTWhxRnZHZGxiTG41em9DUjVIeEw2cWlyenRvNkk2QVYvRHpnV2ZQTElFWjRVQUppUUNpaFF4b2RVODFaa3dGUApPR3k1VFhOOStPQUszRkdJc0RJNmluTXRZeVI2WU8rOFg5bmRVR3Fpa2V6aW1NVEtJZ0VDZ2dFQkFQMTJ0Z240Ci8rM1dWRE8vK3Z4WStvb0x4azR5T0hwUnhwWHhpSnRqSUdXM0Z5SzM0S1Vod3NRQzRaQVVua1BGUW9ucDgydUQKTkdCZGJET0poRmFrR0ZVU2o5RGJpUXlqUDVtbm9sTTVxWDdvaEwyZ2FJZysyQnFxQjhYSkl4S2diK2ZzTUZDVwordEVxT2NHTmhpNTJMdGxLUjZzc3ZTMzlZbSs1V2hmanVRSkxmM2Rma2tVdjJteW5Dc2tNR0V3MTN2RjYwR1NPCkZwZGg4YjhwZ3FZQnhUcDFaM3YwS2IxK3dQTDFLZTA0QlBlSkZFUENHd1ZPT1p3Skw3YWVMd0swQmpmZE1sMzYKTnMySFVjTzdlZEZqS2pSTDhoTjlOdTJycXA3dE90QjFKc1FRNXFjNjB1K3lhQWxMa2xBVHVKdVZPNWdxOGtCbQpqYmh4bWVvazAxdGE2RkVDZ2dFQkFPSE1GNDJPejdGTSttRGJSSUY4eVNTcXF4ekw3QUVCMWRid3djRkdNTmpGCjJGMHNIeHFTM1BWa2FRZG9hNndOS0YxT0laaG00aWh1UWRSVEt0by90b1hWZjZySjhMd3ZldExVa0JGRElIb1QKT2RXUFdJcms0RUIvQm44VU05WUV2T0g3V0JtTWJnZDBuaktIQllqVElUWFNTRVh2L0t0c3FFMzBRT05WaVJaSApVc1VWS2J3OFhYNDYwemUyK2ZaQThDL0NHb3QyUmFkamNpemVKQ0hERW1LQm5zZDBhVitMSDZucjNBYm1TdWNNClpIZGllRkw1ME9CcmJyczMyZS80Q1ZITGtBLzdWS0Z6SUdKMFl0UUU3Wm4yeXBUVEo0SFl5TkJFTFVVSWxRZ3EKZDN3YzB1WHhlTzlKVWtLTkhxeHF2alJxbDJ6alR4TDRvYndDcDVLclE3RUNnZ0VBZncwSmRQaEd1WjZNK0ovTQpITUF4WGc5RzZSMk5aK3NqNHpkK1pYMkwyTkN0SFM4VXdWR3FBbno3T2pETG9HYjUwbzNlQWM5ejZyWUpyYy9KCjhYQXg3anJ1c2gvSmsvY2t3MDNmTlY2YkVzMVU5SVM2d1VqWEpJNkVkT1U4Mm5KbmhkYkQ1VEc1S2kzRFk3MGcKUEp2ckllcDFBRjNkdW5iZjUrYitQU2xlTE1OUmNySUtiUG51d0RYL1Z3WGtEQmVZMkd6YWx2ME9YL1d0cTBnUQpnRXcwNC9mRDFzTnVSTm1MdUgyaDlaSDJFMnE0S0xyY3RvMGVuWk9SUWpZS2xJMU83S1BKUW9oUS9qZE5paEtvCm5vZlp1UHMwcmdZL0NXWGFrZTJTWkxuRW85VmcrUVNvaFpSbFIvdUVyUFVsdlg5UnJ4WWY5cDR4ZmZvYno5MkQKd0xCUjhRS0NBUUJxMk16OGEydlVsbnlVZ0syMktIcDJJMXk5VDdIcCtCaGNrYWpkOEgwRTF2by9mTFZyT2J2ZApVeHB3S3ZWb2dRRnN4YUFZSWZjNjhwR3NDMzducithTEJqQlhmUit4clRZTnRoQkdXdUZ2WXRHblFTSEE5L1UyCkQrWGZGSXhDNWhNTFRJaXY3a2ZTdDFoMHlIZlIrelpuNVkzVnFtNkNIL1MwanJSMTN1L3ozdVJINW0vTlp6TkcKbkVkK3dkTWV1RFB3SllXeUlORnRHQjNiSlhNcmxzZUlYWlhwQkNrbzBRaTJ1Nmx1aW1NL1dobmdkSFJEcjNzcgo5eXA2NVQ3MzB3TjE5VUhDamtmSjdsU1F3a3BSMGRNdFhCOFl0YUtvU3hFYm5HZGZsMlFPYlNvRlRRNXZTUWpWCkVua2VqUERLM2VnTG5iVHlEYzVKUitZZ3RaRGVVclRCQW9JQkFDS0dKY1gwT3NuUVhYUE9KMG1tSnJ1UnFmRysKeDVsemlWRGJyZmQydlBvQVkzaUs1bzFoSUlFWHFodG5obnRuYXdxY1J1M0xMWFNyRkZPTWprV2UxUzBWNlR5TQo0VVpRRTBUUnJ3aFhMa0Ric0dHZllGTWg1SVFtNmxxYno0SzVYakU5RTJRN3RhOXU3K0NVaE9mTVIzQ2l0WENzCitUSUhXVmw2QldUSjhOSkxhbXVMRFlDaUNrdjJwUDVpRFIrUEtrMkVpQ2JzM0VEQUljd0xnWDludWh1azNLUVUKL0RHbFNFVFZ1NWhOc0JrUUhTM09GQVdBVERLbzhpb3dSa1JFZk1JeERXNEZ0UGRSc2h2eVA5VXVjNWdWSFgvRwppZXlPRFNSS3NVYTNISVU4cTdDMkE3MEFobmJvTmxzSVVnenJjU3lsd2NkN1NOVGQ5RlhZWnpWaXlTTT0KLS0tLS1FTkQgUlNBIFBSSVZBVEUgS0VZLS0tLS0K\n    token: 88a679d74dd36338b2d7b8079c49ea7ffadbca754335ea7a0e302b68df82ab7cafcfffa3e6bab27e73e9c77ae7595cedbc2a701db8e2afa956c66b35778db4c9\n",
            "kubelet_identity": [
              {
                "client_id": "27bd3e8a-0ef4-4967-a31d-d7fecb630827",
                "object_id": "46195503-b55b-44f6-91de-7dc0baa88e03",
                "user_assigned_identity_id": "/subscriptions/c9ed8610-47a3-4107-a2b2-a322114dfb29/resourceGroups/MC_learn-hcp-test2-gid_learn-hcp-test2_westus2/providers/Microsoft.ManagedIdentity/userAssignedIdentities/learn-hcp-test2-agentpool"
              }
            ],
            "kubernetes_version": "1.23.12",
            "linux_profile": [],
            "local_account_disabled": false,
            "location": "westus2",
            "maintenance_window": [],
            "microsoft_defender": [],
            "name": "learn-hcp-test2",
            "network_profile": [
              {
                "dns_service_ip": "10.30.0.10",
                "docker_bridge_cidr": "172.17.0.1/16",
                "ip_versions": [
                  "IPv4"
                ],
                "load_balancer_profile": [
                  {
                    "effective_outbound_ips": [
                      "/subscriptions/c9ed8610-47a3-4107-a2b2-a322114dfb29/resourceGroups/MC_learn-hcp-test2-gid_learn-hcp-test2_westus2/providers/Microsoft.Network/publicIPAddresses/10a954e3-f5a0-4ee5-927b-3a6e25d0ce43"
                    ],
                    "idle_timeout_in_minutes": 0,
                    "managed_outbound_ip_count": 1,
                    "managed_outbound_ipv6_count": 0,
                    "outbound_ip_address_ids": [],
                    "outbound_ip_prefix_ids": [],
                    "outbound_ports_allocated": 0
                  }
                ],
                "load_balancer_sku": "standard",
                "nat_gateway_profile": [],
                "network_mode": "",
                "network_plugin": "azure",
                "network_policy": "",
                "outbound_type": "loadBalancer",
                "pod_cidr": "",
                "pod_cidrs": [],
                "service_cidr": "10.30.0.0/16",
                "service_cidrs": [
                  "10.30.0.0/16"
                ]
              }
            ],
            "node_resource_group": "MC_learn-hcp-test2-gid_learn-hcp-test2_westus2",
            "oidc_issuer_enabled": false,
            "oidc_issuer_url": "",
            "oms_agent": [],
            "open_service_mesh_enabled": false,
            "portal_fqdn": "learn-hcp-test2-7bdd5422.portal.hcp.westus2.azmk8s.io",
            "private_cluster_enabled": false,
            "private_cluster_public_fqdn_enabled": false,
            "private_dns_zone_id": "",
            "private_fqdn": "",
            "public_network_access_enabled": true,
            "resource_group_name": "learn-hcp-test2-gid",
            "role_based_access_control_enabled": true,
            "run_command_enabled": true,
            "service_principal": [],
            "sku_tier": "Free",
            "tags": null,
            "timeouts": null,
            "windows_profile": [
              {
                "admin_password": "",
                "admin_username": "azureuser",
                "gmsa": [],
                "license": ""
              }
            ],
            "workload_identity_enabled": false
          },
          "sensitive_attributes": [],
          "private": "eyJlMmJmYjczMC1lY2FhLTExZTYtOGY4OC0zNDM2M2JjN2M0YzAiOnsiY3JlYXRlIjo1NDAwMDAwMDAwMDAwLCJkZWxldGUiOjU0MDAwMDAwMDAwMDAsInJlYWQiOjMwMDAwMDAwMDAwMCwidXBkYXRlIjo1NDAwMDAwMDAwMDAwfSwic2NoZW1hX3ZlcnNpb24iOiIyIn0=",
          "dependencies": [
            "azurerm_network_security_group.nsg",
            "azurerm_resource_group.rg",
            "azurerm_route_table.rt",
            "azurerm_user_assigned_identity.identity",
            "module.network.azurerm_subnet.subnet",
            "module.network.azurerm_subnet_network_security_group_association.vnet",
            "module.network.azurerm_subnet_route_table_association.vnet",
            "module.network.azurerm_virtual_network.vnet"
          ]
        }
      ]
    },
    {
      "mode": "managed",
      "type": "azurerm_network_security_group",
      "name": "nsg",
      "provider": "provider[\"registry.terraform.io/hashicorp/azurerm\"]",
      "instances": [
        {
          "schema_version": 0,
          "attributes": {
            "id": "/subscriptions/c9ed8610-47a3-4107-a2b2-a322114dfb29/resourceGroups/learn-hcp-test2-gid/providers/Microsoft.Network/networkSecurityGroups/learn-hcp-test2-nsg",
            "location": "westus2",
            "name": "learn-hcp-test2-nsg",
            "resource_group_name": "learn-hcp-test2-gid",
            "security_rule": [],
            "tags": null,
            "timeouts": null
          },
          "sensitive_attributes": [],
          "private": "eyJlMmJmYjczMC1lY2FhLTExZTYtOGY4OC0zNDM2M2JjN2M0YzAiOnsiY3JlYXRlIjoxODAwMDAwMDAwMDAwLCJkZWxldGUiOjE4MDAwMDAwMDAwMDAsInJlYWQiOjMwMDAwMDAwMDAwMCwidXBkYXRlIjoxODAwMDAwMDAwMDAwfX0=",
          "dependencies": [
            "azurerm_resource_group.rg"
          ]
        }
      ]
    },
    {
      "mode": "managed",
      "type": "azurerm_resource_group",
      "name": "rg",
      "provider": "provider[\"registry.terraform.io/hashicorp/azurerm\"]",
      "instances": [
        {
          "schema_version": 0,
          "attributes": {
            "id": "/subscriptions/c9ed8610-47a3-4107-a2b2-a322114dfb29/resourceGroups/learn-hcp-test2-gid",
            "location": "westus2",
            "name": "learn-hcp-test2-gid",
            "tags": null,
            "timeouts": null
          },
          "sensitive_attributes": [],
          "private": "eyJlMmJmYjczMC1lY2FhLTExZTYtOGY4OC0zNDM2M2JjN2M0YzAiOnsiY3JlYXRlIjo1NDAwMDAwMDAwMDAwLCJkZWxldGUiOjU0MDAwMDAwMDAwMDAsInJlYWQiOjMwMDAwMDAwMDAwMCwidXBkYXRlIjo1NDAwMDAwMDAwMDAwfX0="
        }
      ]
    },
    {
      "mode": "managed",
      "type": "azurerm_route_table",
      "name": "rt",
      "provider": "provider[\"registry.terraform.io/hashicorp/azurerm\"]",
      "instances": [
        {
          "schema_version": 0,
          "attributes": {
            "disable_bgp_route_propagation": false,
            "id": "/subscriptions/c9ed8610-47a3-4107-a2b2-a322114dfb29/resourceGroups/learn-hcp-test2-gid/providers/Microsoft.Network/routeTables/learn-hcp-test2-rt",
            "location": "westus2",
            "name": "learn-hcp-test2-rt",
            "resource_group_name": "learn-hcp-test2-gid",
            "route": [],
            "subnets": [],
            "tags": null,
            "timeouts": null
          },
          "sensitive_attributes": [],
          "private": "eyJlMmJmYjczMC1lY2FhLTExZTYtOGY4OC0zNDM2M2JjN2M0YzAiOnsiY3JlYXRlIjoxODAwMDAwMDAwMDAwLCJkZWxldGUiOjE4MDAwMDAwMDAwMDAsInJlYWQiOjMwMDAwMDAwMDAwMCwidXBkYXRlIjoxODAwMDAwMDAwMDAwfX0=",
          "dependencies": [
            "azurerm_resource_group.rg"
          ]
        }
      ]
    },
    {
      "mode": "managed",
      "type": "azurerm_user_assigned_identity",
      "name": "identity",
      "provider": "provider[\"registry.terraform.io/hashicorp/azurerm\"]",
      "instances": [
        {
          "schema_version": 1,
          "attributes": {
            "client_id": "8ac67c26-495e-4717-8e49-06f839f62f82",
            "id": "/subscriptions/c9ed8610-47a3-4107-a2b2-a322114dfb29/resourceGroups/learn-hcp-test2-gid/providers/Microsoft.ManagedIdentity/userAssignedIdentities/aks-identity",
            "location": "westus2",
            "name": "aks-identity",
            "principal_id": "dbcc3539-1328-44af-961c-442d1c0df9ee",
            "resource_group_name": "learn-hcp-test2-gid",
            "tags": null,
            "tenant_id": "0e3e2e88-8caf-41ca-b4da-e3b33b6c52ec",
            "timeouts": null
          },
          "sensitive_attributes": [],
          "private": "eyJlMmJmYjczMC1lY2FhLTExZTYtOGY4OC0zNDM2M2JjN2M0YzAiOnsiY3JlYXRlIjoxODAwMDAwMDAwMDAwLCJkZWxldGUiOjE4MDAwMDAwMDAwMDAsInJlYWQiOjMwMDAwMDAwMDAwMCwidXBkYXRlIjoxODAwMDAwMDAwMDAwfSwic2NoZW1hX3ZlcnNpb24iOiIxIn0=",
          "dependencies": [
            "azurerm_resource_group.rg"
          ]
        }
      ]
    },
    {
      "mode": "managed",
      "type": "hcp_consul_cluster",
      "name": "main",
      "provider": "provider[\"registry.terraform.io/hashicorp/hcp\"]",
      "instances": []
    },
    {
      "mode": "managed",
      "type": "hcp_consul_cluster_root_token",
      "name": "token",
      "provider": "provider[\"registry.terraform.io/hashicorp/hcp\"]",
      "instances": []
    },
    {
      "mode": "managed",
      "type": "hcp_hvn",
      "name": "hvn",
      "provider": "provider[\"registry.terraform.io/hashicorp/hcp\"]",
      "instances": [
        {
          "schema_version": 0,
          "attributes": {
            "cidr_block": "172.25.32.0/20",
            "cloud_provider": "azure",
            "created_at": "2022-10-19T19:42:22.000Z",
            "hvn_id": "learn-hcp-test2",
            "id": "/project/98a0dcc3-5473-4e4d-a28e-6c343c498530/hashicorp.network.hvn/learn-hcp-test2",
            "organization_id": "067acbc1-ed49-4dc2-9fcb-6b4aff713469",
            "project_id": "98a0dcc3-5473-4e4d-a28e-6c343c498530",
            "provider_account_id": "",
            "region": "westus2",
            "self_link": "/project/98a0dcc3-5473-4e4d-a28e-6c343c498530/hashicorp.network.hvn/learn-hcp-test2",
            "state": "STABLE",
            "timeouts": null
          },
          "sensitive_attributes": [],
          "private": "eyJlMmJmYjczMC1lY2FhLTExZTYtOGY4OC0zNDM2M2JjN2M0YzAiOnsiY3JlYXRlIjo2MDAwMDAwMDAwMDAsImRlZmF1bHQiOjYwMDAwMDAwMDAwLCJkZWxldGUiOjYwMDAwMDAwMDAwMCwicmVhZCI6NjAwMDAwMDAwMDAsInVwZGF0ZSI6NjAwMDAwMDAwMDB9fQ=="
        }
      ]
    },
    {
      "module": "module.aks_consul_client",
      "mode": "managed",
      "type": "helm_release",
      "name": "consul",
      "provider": "provider[\"registry.terraform.io/hashicorp/helm\"]",
      "instances": []
    },
    {
      "module": "module.aks_consul_client",
      "mode": "managed",
      "type": "kubernetes_secret",
      "name": "consul_secrets",
      "provider": "provider[\"registry.terraform.io/hashicorp/kubernetes\"]",
      "instances": []
    },
    {
      "module": "module.hcp_peering",
      "mode": "data",
      "type": "azurerm_subnet",
      "name": "selected",
      "provider": "provider[\"registry.terraform.io/hashicorp/azurerm\"]",
      "instances": [
        {
          "index_key": 0,
          "schema_version": 0,
          "attributes": {
            "address_prefix": "10.0.1.0/24",
            "address_prefixes": [
              "10.0.1.0/24"
            ],
            "enforce_private_link_endpoint_network_policies": false,
            "enforce_private_link_service_network_policies": false,
            "id": "/subscriptions/c9ed8610-47a3-4107-a2b2-a322114dfb29/resourceGroups/learn-hcp-test2-gid/providers/Microsoft.Network/virtualNetworks/learn-hcp-test2-vnet/subnets/subnet1",
            "name": "subnet1",
            "network_security_group_id": "",
            "private_endpoint_network_policies_enabled": true,
            "private_link_service_network_policies_enabled": true,
            "resource_group_name": "learn-hcp-test2-gid",
            "route_table_id": "",
            "service_endpoints": [],
            "timeouts": null,
            "virtual_network_name": "learn-hcp-test2-vnet"
          },
          "sensitive_attributes": []
        },
        {
          "index_key": 1,
          "schema_version": 0,
          "attributes": {
            "address_prefix": "10.0.2.0/24",
            "address_prefixes": [
              "10.0.2.0/24"
            ],
            "enforce_private_link_endpoint_network_policies": false,
            "enforce_private_link_service_network_policies": false,
            "id": "/subscriptions/c9ed8610-47a3-4107-a2b2-a322114dfb29/resourceGroups/learn-hcp-test2-gid/providers/Microsoft.Network/virtualNetworks/learn-hcp-test2-vnet/subnets/subnet2",
            "name": "subnet2",
            "network_security_group_id": "",
            "private_endpoint_network_policies_enabled": true,
            "private_link_service_network_policies_enabled": true,
            "resource_group_name": "learn-hcp-test2-gid",
            "route_table_id": "",
            "service_endpoints": [],
            "timeouts": null,
            "virtual_network_name": "learn-hcp-test2-vnet"
          },
          "sensitive_attributes": []
        }
      ]
    },
    {
      "module": "module.hcp_peering",
      "mode": "data",
      "type": "azurerm_virtual_network",
      "name": "vnet",
      "provider": "provider[\"registry.terraform.io/hashicorp/azurerm\"]",
      "instances": [
        {
          "schema_version": 0,
          "attributes": {
            "address_space": [
              "10.0.0.0/16"
            ],
            "dns_servers": [],
            "guid": "b7b6543e-e55f-4c7f-bf6d-d8d808770b52",
            "id": "/subscriptions/c9ed8610-47a3-4107-a2b2-a322114dfb29/resourceGroups/learn-hcp-test2-gid/providers/Microsoft.Network/virtualNetworks/learn-hcp-test2-vnet",
            "location": "westus2",
            "name": "learn-hcp-test2-vnet",
            "resource_group_name": "learn-hcp-test2-gid",
            "subnets": [],
            "tags": {
              "ENV": "test"
            },
            "timeouts": null,
            "vnet_peerings": {},
            "vnet_peerings_addresses": []
          },
          "sensitive_attributes": []
        }
      ]
    },
    {
      "module": "module.hcp_peering",
      "mode": "data",
      "type": "hcp_azure_peering_connection",
      "name": "peering",
      "provider": "provider[\"registry.terraform.io/hashicorp/hcp\"]",
      "instances": [
        {
          "schema_version": 0,
          "attributes": {
            "application_id": "9d7226e4-c65a-47fb-b8bc-2eddcbf71a29",
            "azure_peering_id": "/subscriptions/b03d8780-e023-40a1-b45b-5755dc62d39b/resourceGroups/hcp-reservation-f4100d7a-0e40-4722-80a6-20f4f41cd683/providers/Microsoft.Network/virtualNetworks/ecb81442-ae1b-41e2-83c1-e96f69869fe5-vnet/virtualNetworkPeerings/ecb81442-ae1b-41e2-83c1-e96f69869fe5-to-learn-hcp-test2",
            "created_at": "2022-10-19T19:44:56.000Z",
            "expires_at": "2022-10-26T19:44:56.000Z",
            "hvn_link": "/project/98a0dcc3-5473-4e4d-a28e-6c343c498530/hashicorp.network.hvn/learn-hcp-test2",
            "id": "/project/98a0dcc3-5473-4e4d-a28e-6c343c498530/hashicorp.network.peering/learn-hcp-test2-peer",
            "organization_id": "067acbc1-ed49-4dc2-9fcb-6b4aff713469",
            "peer_resource_group_name": "learn-hcp-test2-gid",
            "peer_subscription_id": "c9ed8610-47a3-4107-a2b2-a322114dfb29",
            "peer_tenant_id": "0e3e2e88-8caf-41ca-b4da-e3b33b6c52ec",
            "peer_vnet_name": "learn-hcp-test2-vnet",
            "peer_vnet_region": "westus2",
            "peering_id": "learn-hcp-test2-peer",
            "project_id": "98a0dcc3-5473-4e4d-a28e-6c343c498530",
            "self_link": "/project/98a0dcc3-5473-4e4d-a28e-6c343c498530/hashicorp.network.peering/learn-hcp-test2-peer",
            "state": "ACTIVE",
            "timeouts": null,
            "wait_for_active_state": true
          },
          "sensitive_attributes": []
        }
      ]
    },
    {
      "module": "module.hcp_peering",
      "mode": "managed",
      "type": "azuread_service_principal",
      "name": "principal",
      "provider": "provider[\"registry.terraform.io/hashicorp/azuread\"]",
      "instances": [
        {
          "schema_version": 0,
          "attributes": {
            "account_enabled": true,
            "alternative_names": null,
            "app_role_assignment_required": false,
            "app_role_ids": {},
            "app_roles": [],
            "application_id": "9d7226e4-c65a-47fb-b8bc-2eddcbf71a29",
            "application_tenant_id": "6c69c645-7874-42fb-9c37-33962896515e",
            "description": "",
            "display_name": "72d63423-8d9c-4378-9867-806868d1bbc3",
            "feature_tags": [
              {
                "custom_single_sign_on": false,
                "enterprise": false,
                "gallery": false,
                "hide": false
              }
            ],
            "features": [
              {
                "custom_single_sign_on_app": false,
                "enterprise_application": false,
                "gallery_application": false,
                "visible_to_users": true
              }
            ],
            "homepage_url": "",
            "id": "59422e2d-94e1-48d6-ac6c-a66b1394a949",
            "login_url": "",
            "logout_url": "",
            "notes": "",
            "notification_email_addresses": null,
            "oauth2_permission_scope_ids": {},
            "oauth2_permission_scopes": [],
            "object_id": "59422e2d-94e1-48d6-ac6c-a66b1394a949",
            "owners": null,
            "preferred_single_sign_on_mode": "",
            "redirect_uris": [],
            "saml_metadata_url": "",
            "saml_single_sign_on": [
              {
                "relay_state": ""
              }
            ],
            "service_principal_names": [],
            "sign_in_audience": "AzureADMultipleOrgs",
            "tags": [],
            "timeouts": null,
            "type": "Application",
            "use_existing": null
          },
          "sensitive_attributes": [],
          "private": "eyJlMmJmYjczMC1lY2FhLTExZTYtOGY4OC0zNDM2M2JjN2M0YzAiOnsiY3JlYXRlIjo2MDAwMDAwMDAwMDAsImRlbGV0ZSI6MzAwMDAwMDAwMDAwLCJyZWFkIjozMDAwMDAwMDAwMDAsInVwZGF0ZSI6NjAwMDAwMDAwMDAwfX0=",
          "dependencies": [
            "azurerm_resource_group.rg",
            "data.azurerm_subscription.current",
            "hcp_hvn.hvn",
            "module.hcp_peering.data.azurerm_virtual_network.vnet",
            "module.hcp_peering.hcp_azure_peering_connection.peering",
            "module.network.azurerm_virtual_network.vnet"
          ]
        }
      ]
    },
    {
      "module": "module.hcp_peering",
      "mode": "managed",
      "type": "azurerm_network_security_rule",
      "name": "hcp_consul_existing_sg_rules",
      "provider": "provider[\"registry.terraform.io/hashicorp/azurerm\"]",
      "instances": [
        {
          "index_key": 0,
          "schema_version": 0,
          "attributes": {
            "access": "Allow",
            "description": "Consul LAN Serf (tcp)",
            "destination_address_prefix": "*",
            "destination_address_prefixes": null,
            "destination_application_security_group_ids": null,
            "destination_port_range": "8301",
            "destination_port_ranges": null,
            "direction": "Inbound",
            "id": "/subscriptions/c9ed8610-47a3-4107-a2b2-a322114dfb29/resourceGroups/learn-hcp-test2-gid/providers/Microsoft.Network/networkSecurityGroups/learn-hcp-test2-nsg/securityRules/learn-hcp-test2-consul-lan-tcp",
            "name": "learn-hcp-test2-consul-lan-tcp",
            "network_security_group_name": "learn-hcp-test2-nsg",
            "priority": 100,
            "protocol": "Tcp",
            "resource_group_name": "learn-hcp-test2-gid",
            "source_address_prefix": "172.25.32.0/20",
            "source_address_prefixes": null,
            "source_application_security_group_ids": null,
            "source_port_range": "*",
            "source_port_ranges": null,
            "timeouts": null
          },
          "sensitive_attributes": [],
          "private": "eyJlMmJmYjczMC1lY2FhLTExZTYtOGY4OC0zNDM2M2JjN2M0YzAiOnsiY3JlYXRlIjoxODAwMDAwMDAwMDAwLCJkZWxldGUiOjE4MDAwMDAwMDAwMDAsInJlYWQiOjMwMDAwMDAwMDAwMCwidXBkYXRlIjoxODAwMDAwMDAwMDAwfX0=",
          "dependencies": [
            "azurerm_network_security_group.nsg",
            "azurerm_resource_group.rg",
            "hcp_hvn.hvn"
          ]
        },
        {
          "index_key": 1,
          "schema_version": 0,
          "attributes": {
            "access": "Allow",
            "description": "Consul LAN Serf (udp)",
            "destination_address_prefix": "*",
            "destination_address_prefixes": null,
            "destination_application_security_group_ids": null,
            "destination_port_range": "8301",
            "destination_port_ranges": null,
            "direction": "Inbound",
            "id": "/subscriptions/c9ed8610-47a3-4107-a2b2-a322114dfb29/resourceGroups/learn-hcp-test2-gid/providers/Microsoft.Network/networkSecurityGroups/learn-hcp-test2-nsg/securityRules/learn-hcp-test2-consul-lan-udp",
            "name": "learn-hcp-test2-consul-lan-udp",
            "network_security_group_name": "learn-hcp-test2-nsg",
            "priority": 101,
            "protocol": "Udp",
            "resource_group_name": "learn-hcp-test2-gid",
            "source_address_prefix": "172.25.32.0/20",
            "source_address_prefixes": null,
            "source_application_security_group_ids": null,
            "source_port_range": "*",
            "source_port_ranges": null,
            "timeouts": null
          },
          "sensitive_attributes": [],
          "private": "eyJlMmJmYjczMC1lY2FhLTExZTYtOGY4OC0zNDM2M2JjN2M0YzAiOnsiY3JlYXRlIjoxODAwMDAwMDAwMDAwLCJkZWxldGUiOjE4MDAwMDAwMDAwMDAsInJlYWQiOjMwMDAwMDAwMDAwMCwidXBkYXRlIjoxODAwMDAwMDAwMDAwfX0=",
          "dependencies": [
            "azurerm_network_security_group.nsg",
            "azurerm_resource_group.rg",
            "hcp_hvn.hvn"
          ]
        }
      ]
    },
    {
      "module": "module.hcp_peering",
      "mode": "managed",
      "type": "azurerm_role_assignment",
      "name": "role_assignment",
      "provider": "provider[\"registry.terraform.io/hashicorp/azurerm\"]",
      "instances": [
        {
          "schema_version": 0,
          "attributes": {
            "condition": "",
            "condition_version": "",
            "delegated_managed_identity_resource_id": "",
            "description": "",
            "id": "/subscriptions/c9ed8610-47a3-4107-a2b2-a322114dfb29/resourceGroups/learn-hcp-test2-gid/providers/Microsoft.Network/virtualNetworks/learn-hcp-test2-vnet/providers/Microsoft.Authorization/roleAssignments/0dd9e5e2-92f0-6eb8-b91d-970dd7580740",
            "name": "0dd9e5e2-92f0-6eb8-b91d-970dd7580740",
            "principal_id": "59422e2d-94e1-48d6-ac6c-a66b1394a949",
            "principal_type": "ServicePrincipal",
            "role_definition_id": "/subscriptions/c9ed8610-47a3-4107-a2b2-a322114dfb29/providers/Microsoft.Authorization/roleDefinitions/2726350d-3df8-664c-8c4b-7b78271fbd16",
            "role_definition_name": "learn-hcp-test2-role-name",
            "scope": "/subscriptions/c9ed8610-47a3-4107-a2b2-a322114dfb29/resourceGroups/learn-hcp-test2-gid/providers/Microsoft.Network/virtualNetworks/learn-hcp-test2-vnet",
            "skip_service_principal_aad_check": null,
            "timeouts": null
          },
          "sensitive_attributes": [],
          "private": "eyJlMmJmYjczMC1lY2FhLTExZTYtOGY4OC0zNDM2M2JjN2M0YzAiOnsiY3JlYXRlIjoxODAwMDAwMDAwMDAwLCJkZWxldGUiOjE4MDAwMDAwMDAwMDAsInJlYWQiOjMwMDAwMDAwMDAwMCwidXBkYXRlIjoxODAwMDAwMDAwMDAwfX0=",
          "dependencies": [
            "azurerm_resource_group.rg",
            "data.azurerm_subscription.current",
            "hcp_hvn.hvn",
            "module.hcp_peering.azuread_service_principal.principal",
            "module.hcp_peering.azurerm_role_definition.definition",
            "module.hcp_peering.data.azurerm_virtual_network.vnet",
            "module.hcp_peering.hcp_azure_peering_connection.peering",
            "module.network.azurerm_virtual_network.vnet"
          ]
        }
      ]
    },
    {
      "module": "module.hcp_peering",
      "mode": "managed",
      "type": "azurerm_role_definition",
      "name": "definition",
      "provider": "provider[\"registry.terraform.io/hashicorp/azurerm\"]",
      "instances": [
        {
          "schema_version": 1,
          "attributes": {
            "assignable_scopes": [
              "/subscriptions/c9ed8610-47a3-4107-a2b2-a322114dfb29/resourceGroups/learn-hcp-test2-gid/providers/Microsoft.Network/virtualNetworks/learn-hcp-test2-vnet"
            ],
            "description": "",
            "id": "/subscriptions/c9ed8610-47a3-4107-a2b2-a322114dfb29/providers/Microsoft.Authorization/roleDefinitions/2726350d-3df8-664c-8c4b-7b78271fbd16|/subscriptions/c9ed8610-47a3-4107-a2b2-a322114dfb29/resourceGroups/learn-hcp-test2-gid/providers/Microsoft.Network/virtualNetworks/learn-hcp-test2-vnet",
            "name": "learn-hcp-test2-role-name",
            "permissions": [
              {
                "actions": [
                  "Microsoft.Network/virtualNetworks/peer/action",
                  "Microsoft.Network/virtualNetworks/virtualNetworkPeerings/read",
                  "Microsoft.Network/virtualNetworks/virtualNetworkPeerings/write"
                ],
                "data_actions": null,
                "not_actions": null,
                "not_data_actions": null
              }
            ],
            "role_definition_id": "2726350d-3df8-664c-8c4b-7b78271fbd16",
            "role_definition_resource_id": "/subscriptions/c9ed8610-47a3-4107-a2b2-a322114dfb29/providers/Microsoft.Authorization/roleDefinitions/2726350d-3df8-664c-8c4b-7b78271fbd16",
            "scope": "/subscriptions/c9ed8610-47a3-4107-a2b2-a322114dfb29/resourceGroups/learn-hcp-test2-gid/providers/Microsoft.Network/virtualNetworks/learn-hcp-test2-vnet",
            "timeouts": null
          },
          "sensitive_attributes": [],
          "private": "eyJlMmJmYjczMC1lY2FhLTExZTYtOGY4OC0zNDM2M2JjN2M0YzAiOnsiY3JlYXRlIjoxODAwMDAwMDAwMDAwLCJkZWxldGUiOjE4MDAwMDAwMDAwMDAsInJlYWQiOjMwMDAwMDAwMDAwMCwidXBkYXRlIjozNjAwMDAwMDAwMDAwfSwic2NoZW1hX3ZlcnNpb24iOiIxIn0=",
          "dependencies": [
            "azurerm_resource_group.rg",
            "module.network.azurerm_virtual_network.vnet"
          ]
        }
      ]
    },
    {
      "module": "module.hcp_peering",
      "mode": "managed",
      "type": "hcp_azure_peering_connection",
      "name": "peering",
      "provider": "provider[\"registry.terraform.io/hashicorp/hcp\"]",
      "instances": [
        {
          "schema_version": 0,
          "attributes": {
            "application_id": "9d7226e4-c65a-47fb-b8bc-2eddcbf71a29",
            "azure_peering_id": "",
            "created_at": "2022-10-19T19:44:56.000Z",
            "expires_at": "2022-10-26T19:44:56.000Z",
            "hvn_link": "/project/98a0dcc3-5473-4e4d-a28e-6c343c498530/hashicorp.network.hvn/learn-hcp-test2",
            "id": "/project/98a0dcc3-5473-4e4d-a28e-6c343c498530/hashicorp.network.peering/learn-hcp-test2-peer",
            "organization_id": "067acbc1-ed49-4dc2-9fcb-6b4aff713469",
            "peer_resource_group_name": "learn-hcp-test2-gid",
            "peer_subscription_id": "c9ed8610-47a3-4107-a2b2-a322114dfb29",
            "peer_tenant_id": "0e3e2e88-8caf-41ca-b4da-e3b33b6c52ec",
            "peer_vnet_name": "learn-hcp-test2-vnet",
            "peer_vnet_region": "westus2",
            "peering_id": "learn-hcp-test2-peer",
            "project_id": "98a0dcc3-5473-4e4d-a28e-6c343c498530",
            "self_link": "/project/98a0dcc3-5473-4e4d-a28e-6c343c498530/hashicorp.network.peering/learn-hcp-test2-peer",
            "state": "PENDING_ACCEPTANCE",
            "timeouts": null
          },
          "sensitive_attributes": [],
          "private": "eyJlMmJmYjczMC1lY2FhLTExZTYtOGY4OC0zNDM2M2JjN2M0YzAiOnsiY3JlYXRlIjoyMTAwMDAwMDAwMDAwLCJkZWZhdWx0Ijo2MDAwMDAwMDAwMCwiZGVsZXRlIjoyMTAwMDAwMDAwMDAwLCJyZWFkIjo2MDAwMDAwMDAwMCwidXBkYXRlIjo2MDAwMDAwMDAwMH19",
          "dependencies": [
            "azurerm_resource_group.rg",
            "data.azurerm_subscription.current",
            "hcp_hvn.hvn",
            "module.hcp_peering.data.azurerm_virtual_network.vnet",
            "module.network.azurerm_virtual_network.vnet"
          ]
        }
      ]
    },
    {
      "module": "module.hcp_peering",
      "mode": "managed",
      "type": "hcp_hvn_route",
      "name": "route",
      "provider": "provider[\"registry.terraform.io/hashicorp/hcp\"]",
      "instances": [
        {
          "index_key": 0,
          "schema_version": 0,
          "attributes": {
            "created_at": "2022-10-19T19:49:11.000Z",
            "destination_cidr": "10.0.1.0/24",
            "hvn_link": "/project/98a0dcc3-5473-4e4d-a28e-6c343c498530/hashicorp.network.hvn/learn-hcp-test2",
            "hvn_route_id": "learn-hcp-test2-0",
            "id": "/project/98a0dcc3-5473-4e4d-a28e-6c343c498530/hashicorp.network.route/learn-hcp-test2-0",
            "self_link": "/project/98a0dcc3-5473-4e4d-a28e-6c343c498530/hashicorp.network.route/learn-hcp-test2-0",
            "state": "ACTIVE",
            "target_link": "/project/98a0dcc3-5473-4e4d-a28e-6c343c498530/hashicorp.network.peering/learn-hcp-test2-peer",
            "timeouts": null
          },
          "sensitive_attributes": [],
          "private": "eyJlMmJmYjczMC1lY2FhLTExZTYtOGY4OC0zNDM2M2JjN2M0YzAiOnsiY3JlYXRlIjoyMTAwMDAwMDAwMDAwLCJkZWZhdWx0Ijo2MDAwMDAwMDAwMCwiZGVsZXRlIjoxNTAwMDAwMDAwMDAwLCJyZWFkIjo2MDAwMDAwMDAwMCwidXBkYXRlIjo2MDAwMDAwMDAwMH19",
          "dependencies": [
            "azurerm_resource_group.rg",
            "data.azurerm_subscription.current",
            "hcp_hvn.hvn",
            "module.hcp_peering.data.azurerm_subnet.selected",
            "module.hcp_peering.data.azurerm_virtual_network.vnet",
            "module.hcp_peering.data.hcp_azure_peering_connection.peering",
            "module.hcp_peering.hcp_azure_peering_connection.peering",
            "module.network.azurerm_subnet.subnet",
            "module.network.azurerm_virtual_network.vnet"
          ]
        },
        {
          "index_key": 1,
          "schema_version": 0,
          "attributes": {
            "created_at": "2022-10-19T19:49:11.000Z",
            "destination_cidr": "10.0.2.0/24",
            "hvn_link": "/project/98a0dcc3-5473-4e4d-a28e-6c343c498530/hashicorp.network.hvn/learn-hcp-test2",
            "hvn_route_id": "learn-hcp-test2-1",
            "id": "/project/98a0dcc3-5473-4e4d-a28e-6c343c498530/hashicorp.network.route/learn-hcp-test2-1",
            "self_link": "/project/98a0dcc3-5473-4e4d-a28e-6c343c498530/hashicorp.network.route/learn-hcp-test2-1",
            "state": "ACTIVE",
            "target_link": "/project/98a0dcc3-5473-4e4d-a28e-6c343c498530/hashicorp.network.peering/learn-hcp-test2-peer",
            "timeouts": null
          },
          "sensitive_attributes": [],
          "private": "eyJlMmJmYjczMC1lY2FhLTExZTYtOGY4OC0zNDM2M2JjN2M0YzAiOnsiY3JlYXRlIjoyMTAwMDAwMDAwMDAwLCJkZWZhdWx0Ijo2MDAwMDAwMDAwMCwiZGVsZXRlIjoxNTAwMDAwMDAwMDAwLCJyZWFkIjo2MDAwMDAwMDAwMCwidXBkYXRlIjo2MDAwMDAwMDAwMH19",
          "dependencies": [
            "azurerm_resource_group.rg",
            "data.azurerm_subscription.current",
            "hcp_hvn.hvn",
            "module.hcp_peering.data.azurerm_subnet.selected",
            "module.hcp_peering.data.azurerm_virtual_network.vnet",
            "module.hcp_peering.data.hcp_azure_peering_connection.peering",
            "module.hcp_peering.hcp_azure_peering_connection.peering",
            "module.network.azurerm_subnet.subnet",
            "module.network.azurerm_virtual_network.vnet"
          ]
        }
      ]
    },
    {
      "module": "module.network",
      "mode": "managed",
      "type": "azurerm_subnet",
      "name": "subnet",
      "provider": "provider[\"registry.terraform.io/hashicorp/azurerm\"]",
      "instances": [
        {
          "index_key": 0,
          "schema_version": 0,
          "attributes": {
            "address_prefixes": [
              "10.0.1.0/24"
            ],
            "delegation": [],
            "enforce_private_link_endpoint_network_policies": false,
            "enforce_private_link_service_network_policies": false,
            "id": "/subscriptions/c9ed8610-47a3-4107-a2b2-a322114dfb29/resourceGroups/learn-hcp-test2-gid/providers/Microsoft.Network/virtualNetworks/learn-hcp-test2-vnet/subnets/subnet1",
            "name": "subnet1",
            "private_endpoint_network_policies_enabled": true,
            "private_link_service_network_policies_enabled": true,
            "resource_group_name": "learn-hcp-test2-gid",
            "service_endpoint_policy_ids": null,
            "service_endpoints": null,
            "timeouts": null,
            "virtual_network_name": "learn-hcp-test2-vnet"
          },
          "sensitive_attributes": [],
          "private": "eyJlMmJmYjczMC1lY2FhLTExZTYtOGY4OC0zNDM2M2JjN2M0YzAiOnsiY3JlYXRlIjoxODAwMDAwMDAwMDAwLCJkZWxldGUiOjE4MDAwMDAwMDAwMDAsInJlYWQiOjMwMDAwMDAwMDAwMCwidXBkYXRlIjoxODAwMDAwMDAwMDAwfX0=",
          "dependencies": [
            "azurerm_resource_group.rg",
            "module.network.azurerm_virtual_network.vnet"
          ]
        },
        {
          "index_key": 1,
          "schema_version": 0,
          "attributes": {
            "address_prefixes": [
              "10.0.2.0/24"
            ],
            "delegation": [],
            "enforce_private_link_endpoint_network_policies": false,
            "enforce_private_link_service_network_policies": false,
            "id": "/subscriptions/c9ed8610-47a3-4107-a2b2-a322114dfb29/resourceGroups/learn-hcp-test2-gid/providers/Microsoft.Network/virtualNetworks/learn-hcp-test2-vnet/subnets/subnet2",
            "name": "subnet2",
            "private_endpoint_network_policies_enabled": true,
            "private_link_service_network_policies_enabled": true,
            "resource_group_name": "learn-hcp-test2-gid",
            "service_endpoint_policy_ids": null,
            "service_endpoints": null,
            "timeouts": null,
            "virtual_network_name": "learn-hcp-test2-vnet"
          },
          "sensitive_attributes": [],
          "private": "eyJlMmJmYjczMC1lY2FhLTExZTYtOGY4OC0zNDM2M2JjN2M0YzAiOnsiY3JlYXRlIjoxODAwMDAwMDAwMDAwLCJkZWxldGUiOjE4MDAwMDAwMDAwMDAsInJlYWQiOjMwMDAwMDAwMDAwMCwidXBkYXRlIjoxODAwMDAwMDAwMDAwfX0=",
          "dependencies": [
            "azurerm_resource_group.rg",
            "module.network.azurerm_virtual_network.vnet"
          ]
        }
      ]
    },
    {
      "module": "module.network",
      "mode": "managed",
      "type": "azurerm_subnet_network_security_group_association",
      "name": "vnet",
      "provider": "provider[\"registry.terraform.io/hashicorp/azurerm\"]",
      "instances": [
        {
          "index_key": "subnet1",
          "schema_version": 0,
          "attributes": {
            "id": "/subscriptions/c9ed8610-47a3-4107-a2b2-a322114dfb29/resourceGroups/learn-hcp-test2-gid/providers/Microsoft.Network/virtualNetworks/learn-hcp-test2-vnet/subnets/subnet1",
            "network_security_group_id": "/subscriptions/c9ed8610-47a3-4107-a2b2-a322114dfb29/resourceGroups/learn-hcp-test2-gid/providers/Microsoft.Network/networkSecurityGroups/learn-hcp-test2-nsg",
            "subnet_id": "/subscriptions/c9ed8610-47a3-4107-a2b2-a322114dfb29/resourceGroups/learn-hcp-test2-gid/providers/Microsoft.Network/virtualNetworks/learn-hcp-test2-vnet/subnets/subnet1",
            "timeouts": null
          },
          "sensitive_attributes": [],
          "private": "eyJlMmJmYjczMC1lY2FhLTExZTYtOGY4OC0zNDM2M2JjN2M0YzAiOnsiY3JlYXRlIjoxODAwMDAwMDAwMDAwLCJkZWxldGUiOjE4MDAwMDAwMDAwMDAsInJlYWQiOjMwMDAwMDAwMDAwMCwidXBkYXRlIjoxODAwMDAwMDAwMDAwfX0=",
          "dependencies": [
            "azurerm_network_security_group.nsg",
            "azurerm_resource_group.rg",
            "module.network.azurerm_subnet.subnet",
            "module.network.azurerm_virtual_network.vnet"
          ]
        },
        {
          "index_key": "subnet2",
          "schema_version": 0,
          "attributes": {
            "id": "/subscriptions/c9ed8610-47a3-4107-a2b2-a322114dfb29/resourceGroups/learn-hcp-test2-gid/providers/Microsoft.Network/virtualNetworks/learn-hcp-test2-vnet/subnets/subnet2",
            "network_security_group_id": "/subscriptions/c9ed8610-47a3-4107-a2b2-a322114dfb29/resourceGroups/learn-hcp-test2-gid/providers/Microsoft.Network/networkSecurityGroups/learn-hcp-test2-nsg",
            "subnet_id": "/subscriptions/c9ed8610-47a3-4107-a2b2-a322114dfb29/resourceGroups/learn-hcp-test2-gid/providers/Microsoft.Network/virtualNetworks/learn-hcp-test2-vnet/subnets/subnet2",
            "timeouts": null
          },
          "sensitive_attributes": [],
          "private": "eyJlMmJmYjczMC1lY2FhLTExZTYtOGY4OC0zNDM2M2JjN2M0YzAiOnsiY3JlYXRlIjoxODAwMDAwMDAwMDAwLCJkZWxldGUiOjE4MDAwMDAwMDAwMDAsInJlYWQiOjMwMDAwMDAwMDAwMCwidXBkYXRlIjoxODAwMDAwMDAwMDAwfX0=",
          "dependencies": [
            "azurerm_network_security_group.nsg",
            "azurerm_resource_group.rg",
            "module.network.azurerm_subnet.subnet",
            "module.network.azurerm_virtual_network.vnet"
          ]
        }
      ]
    },
    {
      "module": "module.network",
      "mode": "managed",
      "type": "azurerm_subnet_route_table_association",
      "name": "vnet",
      "provider": "provider[\"registry.terraform.io/hashicorp/azurerm\"]",
      "instances": [
        {
          "index_key": "subnet1",
          "schema_version": 0,
          "attributes": {
            "id": "/subscriptions/c9ed8610-47a3-4107-a2b2-a322114dfb29/resourceGroups/learn-hcp-test2-gid/providers/Microsoft.Network/virtualNetworks/learn-hcp-test2-vnet/subnets/subnet1",
            "route_table_id": "/subscriptions/c9ed8610-47a3-4107-a2b2-a322114dfb29/resourceGroups/learn-hcp-test2-gid/providers/Microsoft.Network/routeTables/learn-hcp-test2-rt",
            "subnet_id": "/subscriptions/c9ed8610-47a3-4107-a2b2-a322114dfb29/resourceGroups/learn-hcp-test2-gid/providers/Microsoft.Network/virtualNetworks/learn-hcp-test2-vnet/subnets/subnet1",
            "timeouts": null
          },
          "sensitive_attributes": [],
          "private": "eyJlMmJmYjczMC1lY2FhLTExZTYtOGY4OC0zNDM2M2JjN2M0YzAiOnsiY3JlYXRlIjoxODAwMDAwMDAwMDAwLCJkZWxldGUiOjE4MDAwMDAwMDAwMDAsInJlYWQiOjMwMDAwMDAwMDAwMCwidXBkYXRlIjoxODAwMDAwMDAwMDAwfX0=",
          "dependencies": [
            "azurerm_resource_group.rg",
            "azurerm_route_table.rt",
            "module.network.azurerm_subnet.subnet",
            "module.network.azurerm_virtual_network.vnet"
          ]
        },
        {
          "index_key": "subnet2",
          "schema_version": 0,
          "attributes": {
            "id": "/subscriptions/c9ed8610-47a3-4107-a2b2-a322114dfb29/resourceGroups/learn-hcp-test2-gid/providers/Microsoft.Network/virtualNetworks/learn-hcp-test2-vnet/subnets/subnet2",
            "route_table_id": "/subscriptions/c9ed8610-47a3-4107-a2b2-a322114dfb29/resourceGroups/learn-hcp-test2-gid/providers/Microsoft.Network/routeTables/learn-hcp-test2-rt",
            "subnet_id": "/subscriptions/c9ed8610-47a3-4107-a2b2-a322114dfb29/resourceGroups/learn-hcp-test2-gid/providers/Microsoft.Network/virtualNetworks/learn-hcp-test2-vnet/subnets/subnet2",
            "timeouts": null
          },
          "sensitive_attributes": [],
          "private": "eyJlMmJmYjczMC1lY2FhLTExZTYtOGY4OC0zNDM2M2JjN2M0YzAiOnsiY3JlYXRlIjoxODAwMDAwMDAwMDAwLCJkZWxldGUiOjE4MDAwMDAwMDAwMDAsInJlYWQiOjMwMDAwMDAwMDAwMCwidXBkYXRlIjoxODAwMDAwMDAwMDAwfX0=",
          "dependencies": [
            "azurerm_resource_group.rg",
            "azurerm_route_table.rt",
            "module.network.azurerm_subnet.subnet",
            "module.network.azurerm_virtual_network.vnet"
          ]
        }
      ]
    },
    {
      "module": "module.network",
      "mode": "managed",
      "type": "azurerm_virtual_network",
      "name": "vnet",
      "provider": "provider[\"registry.terraform.io/hashicorp/azurerm\"]",
      "instances": [
        {
          "schema_version": 0,
          "attributes": {
            "address_space": [
              "10.0.0.0/16"
            ],
            "bgp_community": "",
            "ddos_protection_plan": [],
            "dns_servers": [],
            "edge_zone": "",
            "flow_timeout_in_minutes": 0,
            "guid": "b7b6543e-e55f-4c7f-bf6d-d8d808770b52",
            "id": "/subscriptions/c9ed8610-47a3-4107-a2b2-a322114dfb29/resourceGroups/learn-hcp-test2-gid/providers/Microsoft.Network/virtualNetworks/learn-hcp-test2-vnet",
            "location": "westus2",
            "name": "learn-hcp-test2-vnet",
            "resource_group_name": "learn-hcp-test2-gid",
            "subnet": [],
            "tags": {
              "ENV": "test"
            },
            "timeouts": null
          },
          "sensitive_attributes": [],
          "private": "eyJlMmJmYjczMC1lY2FhLTExZTYtOGY4OC0zNDM2M2JjN2M0YzAiOnsiY3JlYXRlIjoxODAwMDAwMDAwMDAwLCJkZWxldGUiOjE4MDAwMDAwMDAwMDAsInJlYWQiOjMwMDAwMDAwMDAwMCwidXBkYXRlIjoxODAwMDAwMDAwMDAwfX0=",
          "dependencies": [
            "azurerm_resource_group.rg"
          ]
        }
      ]
    }
  ],
  "check_results": null
}
